
Microsoft Visual Studio Solution File, Format Version 12.00
# Visual Studio Version 16
VisualStudioVersion = 16.0.29728.190
MinimumVisualStudioVersion = 10.0.40219.1
Project("{8BC9CEB8-8B4A-11D0-8D11-00A0C91BC942}") = "[19237] 어른 상어", "[19237] 어른 상어\[19237] 어른 상어.vcxproj", "{3AB82818-FDB4-4613-9954-5BBDBE607D59}"
EndProject
Global
	GlobalSection(SolutionConfigurationPlatforms) = preSolution
		Debug|x64 = Debug|x64
		Debug|x86 = Debug|x86
		Release|x64 = Release|x64
		Release|x86 = Release|x86
	EndGlobalSection
	GlobalSection(ProjectConfigurationPlatforms) = postSolution
		{3AB82818-FDB4-4613-9954-5BBDBE607D59}.Debug|x64.ActiveCfg = Debug|x64
		{3AB82818-FDB4-4613-9954-5BBDBE607D59}.Debug|x64.Build.0 = Debug|x64
		{3AB82818-FDB4-4613-9954-5BBDBE607D59}.Debug|x86.ActiveCfg = Debug|Win32
		{3AB82818-FDB4-4613-9954-5BBDBE607D59}.Debug|x86.Build.0 = Debug|Win32
		{3AB82818-FDB4-4613-9954-5BBDBE607D59}.Release|x64.ActiveCfg = Release|x64
		{3AB82818-FDB4-4613-9954-5BBDBE607D59}.Release|x64.Build.0 = Release|x64
		{3AB82818-FDB4-4613-9954-5BBDBE607D59}.Release|x86.ActiveCfg = Release|Win32
		{3AB82818-FDB4-4613-9954-5BBDBE607D59}.Release|x86.Build.0 = Release|Win32
	EndGlobalSection
	GlobalSection(SolutionProperties) = preSolution
		HideSolutionNode = FALSE
	EndGlobalSection
	GlobalSection(ExtensibilityGlobals) = postSolution
		SolutionGuid = {11D9FD83-0B7F-425B-A594-36FAB73E0C9C}
	EndGlobalSection
EndGlobal
