
Microsoft Visual Studio Solution File, Format Version 12.00
# Visual Studio Version 16
VisualStudioVersion = 16.0.29728.190
MinimumVisualStudioVersion = 10.0.40219.1
Project("{8BC9CEB8-8B4A-11D0-8D11-00A0C91BC942}") = "[3190] 뱀", "[3190] 뱀\[3190] 뱀.vcxproj", "{B5844170-B39D-402A-BA69-047B9354B574}"
EndProject
Project("{8BC9CEB8-8B4A-11D0-8D11-00A0C91BC942}") = "[17472] 다리 만들기", "[17472] 다리 만들기\[17472] 다리 만들기.vcxproj", "{AD7067A4-685B-4DA2-994C-CD1C878BD54C}"
EndProject
Global
	GlobalSection(SolutionConfigurationPlatforms) = preSolution
		Debug|x64 = Debug|x64
		Debug|x86 = Debug|x86
		Release|x64 = Release|x64
		Release|x86 = Release|x86
	EndGlobalSection
	GlobalSection(ProjectConfigurationPlatforms) = postSolution
		{B5844170-B39D-402A-BA69-047B9354B574}.Debug|x64.ActiveCfg = Debug|x64
		{B5844170-B39D-402A-BA69-047B9354B574}.Debug|x64.Build.0 = Debug|x64
		{B5844170-B39D-402A-BA69-047B9354B574}.Debug|x86.ActiveCfg = Debug|Win32
		{B5844170-B39D-402A-BA69-047B9354B574}.Debug|x86.Build.0 = Debug|Win32
		{B5844170-B39D-402A-BA69-047B9354B574}.Release|x64.ActiveCfg = Release|x64
		{B5844170-B39D-402A-BA69-047B9354B574}.Release|x64.Build.0 = Release|x64
		{B5844170-B39D-402A-BA69-047B9354B574}.Release|x86.ActiveCfg = Release|Win32
		{B5844170-B39D-402A-BA69-047B9354B574}.Release|x86.Build.0 = Release|Win32
		{AD7067A4-685B-4DA2-994C-CD1C878BD54C}.Debug|x64.ActiveCfg = Debug|x64
		{AD7067A4-685B-4DA2-994C-CD1C878BD54C}.Debug|x64.Build.0 = Debug|x64
		{AD7067A4-685B-4DA2-994C-CD1C878BD54C}.Debug|x86.ActiveCfg = Debug|Win32
		{AD7067A4-685B-4DA2-994C-CD1C878BD54C}.Debug|x86.Build.0 = Debug|Win32
		{AD7067A4-685B-4DA2-994C-CD1C878BD54C}.Release|x64.ActiveCfg = Release|x64
		{AD7067A4-685B-4DA2-994C-CD1C878BD54C}.Release|x64.Build.0 = Release|x64
		{AD7067A4-685B-4DA2-994C-CD1C878BD54C}.Release|x86.ActiveCfg = Release|Win32
		{AD7067A4-685B-4DA2-994C-CD1C878BD54C}.Release|x86.Build.0 = Release|Win32
	EndGlobalSection
	GlobalSection(SolutionProperties) = preSolution
		HideSolutionNode = FALSE
	EndGlobalSection
	GlobalSection(ExtensibilityGlobals) = postSolution
		SolutionGuid = {4FF157EA-3101-4C88-8948-514E35FEDC5C}
	EndGlobalSection
EndGlobal
