
Microsoft Visual Studio Solution File, Format Version 12.00
# Visual Studio Version 16
VisualStudioVersion = 16.0.29728.190
MinimumVisualStudioVersion = 10.0.40219.1
Project("{8BC9CEB8-8B4A-11D0-8D11-00A0C91BC942}") = "1476(날짜 계산)", "SW TEST BruteForce\SW TEST BruteForce.vcxproj", "{ED1586AB-28F8-4657-8BFD-24DEE22D5756}"
EndProject
Project("{8BC9CEB8-8B4A-11D0-8D11-00A0C91BC942}") = "14500(테트로미노)", "14500(테트로미노)\14500(테트로미노).vcxproj", "{217C4254-F753-45BE-9A35-6865C1B6C326}"
EndProject
Project("{8BC9CEB8-8B4A-11D0-8D11-00A0C91BC942}") = "9095(1, 2, 3 더하기)", "9095(1, 2, 3 더하기)\9095(1, 2, 3 더하기).vcxproj", "{CBBD0183-1513-4C79-BB58-932D89048526}"
EndProject
Project("{8BC9CEB8-8B4A-11D0-8D11-00A0C91BC942}") = "10972(다음 순열)", "10972\10972.vcxproj", "{8A9CF130-0FDC-4E43-9566-2302218B0F9D}"
EndProject
Project("{8BC9CEB8-8B4A-11D0-8D11-00A0C91BC942}") = "10973(이전 순열)", "10973(이전 순열)\10973(이전 순열).vcxproj", "{B0C16509-E379-447A-9A86-AF1AA4EBD6D7}"
EndProject
Project("{8BC9CEB8-8B4A-11D0-8D11-00A0C91BC942}") = "10974(모든 순열)", "10974(모든 순열)\10974(모든 순열).vcxproj", "{2DAC0D69-2A55-40CB-863E-1FE928A28E10}"
EndProject
Project("{8BC9CEB8-8B4A-11D0-8D11-00A0C91BC942}") = "10819(차이를 최대로)", "10819(차이를 최대로)\10819(차이를 최대로).vcxproj", "{F0750589-BE0A-4505-A27A-6A6C0D73C696}"
EndProject
Project("{8BC9CEB8-8B4A-11D0-8D11-00A0C91BC942}") = "10971(외판원 순회2)", "10971(외판원 순회2)\10971(외판원 순회2).vcxproj", "{F8129C22-A376-43FE-92D0-32D0AA56E484}"
EndProject
Project("{8BC9CEB8-8B4A-11D0-8D11-00A0C91BC942}") = "6603(로또)", "6603(로또)\6603(로또).vcxproj", "{0F4F6FBD-3433-4EFC-A29E-4F02B89D349A}"
EndProject
Project("{8BC9CEB8-8B4A-11D0-8D11-00A0C91BC942}") = "14888(연산자 끼워넣기)", "14888(연산자 끼워넣기)\14888(연산자 끼워넣기).vcxproj", "{D7B16F14-6991-4C7D-B7EF-E3FFE59CC101}"
EndProject
Project("{8BC9CEB8-8B4A-11D0-8D11-00A0C91BC942}") = "1759(암호 만들기)", "1759(암호 만들기)\1759(암호 만들기).vcxproj", "{4D97299B-73D0-4322-816E-4E8E67311ED9}"
EndProject
Project("{8BC9CEB8-8B4A-11D0-8D11-00A0C91BC942}") = "1182(부분수열의 합)", "1182(부분수열의 합)\1182(부분수열의 합).vcxproj", "{D8C8EDDA-8407-4DAC-8816-E08D86415A5B}"
EndProject
Project("{8BC9CEB8-8B4A-11D0-8D11-00A0C91BC942}") = "14501(퇴사)", "14501(퇴사)\14501(퇴사).vcxproj", "{A0C10216-1474-4768-987C-B8237CBC5569}"
EndProject
Project("{8BC9CEB8-8B4A-11D0-8D11-00A0C91BC942}") = "156858(연산자 끼워넣기 2)", "156858(연산자 끼워넣기 2)\156858(연산자 끼워넣기 2).vcxproj", "{04ED1E7C-487B-417B-8E34-FC80154BF2E3}"
EndProject
Project("{8BC9CEB8-8B4A-11D0-8D11-00A0C91BC942}") = "11723(집합)", "11723(집합)\11723(집합).vcxproj", "{A7278D52-17A4-49BD-9C5C-5990B20020DB}"
EndProject
Project("{8BC9CEB8-8B4A-11D0-8D11-00A0C91BC942}") = "1107(리모콘)", "1107(리모콘)\1107(리모콘).vcxproj", "{9C016110-15A7-4C39-AFD5-EC024369142D}"
EndProject
Project("{8BC9CEB8-8B4A-11D0-8D11-00A0C91BC942}") = "6064(카잉 달력)", "6064(카잉 달력)\6064(카잉 달력).vcxproj", "{A3EAB4A3-227E-445F-8771-13B1F5C696CA}"
EndProject
Global
	GlobalSection(SolutionConfigurationPlatforms) = preSolution
		Debug|x64 = Debug|x64
		Debug|x86 = Debug|x86
		Release|x64 = Release|x64
		Release|x86 = Release|x86
	EndGlobalSection
	GlobalSection(ProjectConfigurationPlatforms) = postSolution
		{ED1586AB-28F8-4657-8BFD-24DEE22D5756}.Debug|x64.ActiveCfg = Debug|x64
		{ED1586AB-28F8-4657-8BFD-24DEE22D5756}.Debug|x64.Build.0 = Debug|x64
		{ED1586AB-28F8-4657-8BFD-24DEE22D5756}.Debug|x86.ActiveCfg = Debug|Win32
		{ED1586AB-28F8-4657-8BFD-24DEE22D5756}.Debug|x86.Build.0 = Debug|Win32
		{ED1586AB-28F8-4657-8BFD-24DEE22D5756}.Release|x64.ActiveCfg = Release|x64
		{ED1586AB-28F8-4657-8BFD-24DEE22D5756}.Release|x64.Build.0 = Release|x64
		{ED1586AB-28F8-4657-8BFD-24DEE22D5756}.Release|x86.ActiveCfg = Release|Win32
		{ED1586AB-28F8-4657-8BFD-24DEE22D5756}.Release|x86.Build.0 = Release|Win32
		{217C4254-F753-45BE-9A35-6865C1B6C326}.Debug|x64.ActiveCfg = Debug|x64
		{217C4254-F753-45BE-9A35-6865C1B6C326}.Debug|x64.Build.0 = Debug|x64
		{217C4254-F753-45BE-9A35-6865C1B6C326}.Debug|x86.ActiveCfg = Debug|Win32
		{217C4254-F753-45BE-9A35-6865C1B6C326}.Debug|x86.Build.0 = Debug|Win32
		{217C4254-F753-45BE-9A35-6865C1B6C326}.Release|x64.ActiveCfg = Release|x64
		{217C4254-F753-45BE-9A35-6865C1B6C326}.Release|x64.Build.0 = Release|x64
		{217C4254-F753-45BE-9A35-6865C1B6C326}.Release|x86.ActiveCfg = Release|Win32
		{217C4254-F753-45BE-9A35-6865C1B6C326}.Release|x86.Build.0 = Release|Win32
		{CBBD0183-1513-4C79-BB58-932D89048526}.Debug|x64.ActiveCfg = Debug|x64
		{CBBD0183-1513-4C79-BB58-932D89048526}.Debug|x64.Build.0 = Debug|x64
		{CBBD0183-1513-4C79-BB58-932D89048526}.Debug|x86.ActiveCfg = Debug|Win32
		{CBBD0183-1513-4C79-BB58-932D89048526}.Debug|x86.Build.0 = Debug|Win32
		{CBBD0183-1513-4C79-BB58-932D89048526}.Release|x64.ActiveCfg = Release|x64
		{CBBD0183-1513-4C79-BB58-932D89048526}.Release|x64.Build.0 = Release|x64
		{CBBD0183-1513-4C79-BB58-932D89048526}.Release|x86.ActiveCfg = Release|Win32
		{CBBD0183-1513-4C79-BB58-932D89048526}.Release|x86.Build.0 = Release|Win32
		{8A9CF130-0FDC-4E43-9566-2302218B0F9D}.Debug|x64.ActiveCfg = Debug|x64
		{8A9CF130-0FDC-4E43-9566-2302218B0F9D}.Debug|x64.Build.0 = Debug|x64
		{8A9CF130-0FDC-4E43-9566-2302218B0F9D}.Debug|x86.ActiveCfg = Debug|Win32
		{8A9CF130-0FDC-4E43-9566-2302218B0F9D}.Debug|x86.Build.0 = Debug|Win32
		{8A9CF130-0FDC-4E43-9566-2302218B0F9D}.Release|x64.ActiveCfg = Release|x64
		{8A9CF130-0FDC-4E43-9566-2302218B0F9D}.Release|x64.Build.0 = Release|x64
		{8A9CF130-0FDC-4E43-9566-2302218B0F9D}.Release|x86.ActiveCfg = Release|Win32
		{8A9CF130-0FDC-4E43-9566-2302218B0F9D}.Release|x86.Build.0 = Release|Win32
		{B0C16509-E379-447A-9A86-AF1AA4EBD6D7}.Debug|x64.ActiveCfg = Debug|x64
		{B0C16509-E379-447A-9A86-AF1AA4EBD6D7}.Debug|x64.Build.0 = Debug|x64
		{B0C16509-E379-447A-9A86-AF1AA4EBD6D7}.Debug|x86.ActiveCfg = Debug|Win32
		{B0C16509-E379-447A-9A86-AF1AA4EBD6D7}.Debug|x86.Build.0 = Debug|Win32
		{B0C16509-E379-447A-9A86-AF1AA4EBD6D7}.Release|x64.ActiveCfg = Release|x64
		{B0C16509-E379-447A-9A86-AF1AA4EBD6D7}.Release|x64.Build.0 = Release|x64
		{B0C16509-E379-447A-9A86-AF1AA4EBD6D7}.Release|x86.ActiveCfg = Release|Win32
		{B0C16509-E379-447A-9A86-AF1AA4EBD6D7}.Release|x86.Build.0 = Release|Win32
		{2DAC0D69-2A55-40CB-863E-1FE928A28E10}.Debug|x64.ActiveCfg = Debug|x64
		{2DAC0D69-2A55-40CB-863E-1FE928A28E10}.Debug|x64.Build.0 = Debug|x64
		{2DAC0D69-2A55-40CB-863E-1FE928A28E10}.Debug|x86.ActiveCfg = Debug|Win32
		{2DAC0D69-2A55-40CB-863E-1FE928A28E10}.Debug|x86.Build.0 = Debug|Win32
		{2DAC0D69-2A55-40CB-863E-1FE928A28E10}.Release|x64.ActiveCfg = Release|x64
		{2DAC0D69-2A55-40CB-863E-1FE928A28E10}.Release|x64.Build.0 = Release|x64
		{2DAC0D69-2A55-40CB-863E-1FE928A28E10}.Release|x86.ActiveCfg = Release|Win32
		{2DAC0D69-2A55-40CB-863E-1FE928A28E10}.Release|x86.Build.0 = Release|Win32
		{F0750589-BE0A-4505-A27A-6A6C0D73C696}.Debug|x64.ActiveCfg = Debug|x64
		{F0750589-BE0A-4505-A27A-6A6C0D73C696}.Debug|x64.Build.0 = Debug|x64
		{F0750589-BE0A-4505-A27A-6A6C0D73C696}.Debug|x86.ActiveCfg = Debug|Win32
		{F0750589-BE0A-4505-A27A-6A6C0D73C696}.Debug|x86.Build.0 = Debug|Win32
		{F0750589-BE0A-4505-A27A-6A6C0D73C696}.Release|x64.ActiveCfg = Release|x64
		{F0750589-BE0A-4505-A27A-6A6C0D73C696}.Release|x64.Build.0 = Release|x64
		{F0750589-BE0A-4505-A27A-6A6C0D73C696}.Release|x86.ActiveCfg = Release|Win32
		{F0750589-BE0A-4505-A27A-6A6C0D73C696}.Release|x86.Build.0 = Release|Win32
		{F8129C22-A376-43FE-92D0-32D0AA56E484}.Debug|x64.ActiveCfg = Debug|x64
		{F8129C22-A376-43FE-92D0-32D0AA56E484}.Debug|x64.Build.0 = Debug|x64
		{F8129C22-A376-43FE-92D0-32D0AA56E484}.Debug|x86.ActiveCfg = Debug|Win32
		{F8129C22-A376-43FE-92D0-32D0AA56E484}.Debug|x86.Build.0 = Debug|Win32
		{F8129C22-A376-43FE-92D0-32D0AA56E484}.Release|x64.ActiveCfg = Release|x64
		{F8129C22-A376-43FE-92D0-32D0AA56E484}.Release|x64.Build.0 = Release|x64
		{F8129C22-A376-43FE-92D0-32D0AA56E484}.Release|x86.ActiveCfg = Release|Win32
		{F8129C22-A376-43FE-92D0-32D0AA56E484}.Release|x86.Build.0 = Release|Win32
		{0F4F6FBD-3433-4EFC-A29E-4F02B89D349A}.Debug|x64.ActiveCfg = Debug|x64
		{0F4F6FBD-3433-4EFC-A29E-4F02B89D349A}.Debug|x64.Build.0 = Debug|x64
		{0F4F6FBD-3433-4EFC-A29E-4F02B89D349A}.Debug|x86.ActiveCfg = Debug|Win32
		{0F4F6FBD-3433-4EFC-A29E-4F02B89D349A}.Debug|x86.Build.0 = Debug|Win32
		{0F4F6FBD-3433-4EFC-A29E-4F02B89D349A}.Release|x64.ActiveCfg = Release|x64
		{0F4F6FBD-3433-4EFC-A29E-4F02B89D349A}.Release|x64.Build.0 = Release|x64
		{0F4F6FBD-3433-4EFC-A29E-4F02B89D349A}.Release|x86.ActiveCfg = Release|Win32
		{0F4F6FBD-3433-4EFC-A29E-4F02B89D349A}.Release|x86.Build.0 = Release|Win32
		{D7B16F14-6991-4C7D-B7EF-E3FFE59CC101}.Debug|x64.ActiveCfg = Debug|x64
		{D7B16F14-6991-4C7D-B7EF-E3FFE59CC101}.Debug|x64.Build.0 = Debug|x64
		{D7B16F14-6991-4C7D-B7EF-E3FFE59CC101}.Debug|x86.ActiveCfg = Debug|Win32
		{D7B16F14-6991-4C7D-B7EF-E3FFE59CC101}.Debug|x86.Build.0 = Debug|Win32
		{D7B16F14-6991-4C7D-B7EF-E3FFE59CC101}.Release|x64.ActiveCfg = Release|x64
		{D7B16F14-6991-4C7D-B7EF-E3FFE59CC101}.Release|x64.Build.0 = Release|x64
		{D7B16F14-6991-4C7D-B7EF-E3FFE59CC101}.Release|x86.ActiveCfg = Release|Win32
		{D7B16F14-6991-4C7D-B7EF-E3FFE59CC101}.Release|x86.Build.0 = Release|Win32
		{4D97299B-73D0-4322-816E-4E8E67311ED9}.Debug|x64.ActiveCfg = Debug|x64
		{4D97299B-73D0-4322-816E-4E8E67311ED9}.Debug|x64.Build.0 = Debug|x64
		{4D97299B-73D0-4322-816E-4E8E67311ED9}.Debug|x86.ActiveCfg = Debug|Win32
		{4D97299B-73D0-4322-816E-4E8E67311ED9}.Debug|x86.Build.0 = Debug|Win32
		{4D97299B-73D0-4322-816E-4E8E67311ED9}.Release|x64.ActiveCfg = Release|x64
		{4D97299B-73D0-4322-816E-4E8E67311ED9}.Release|x64.Build.0 = Release|x64
		{4D97299B-73D0-4322-816E-4E8E67311ED9}.Release|x86.ActiveCfg = Release|Win32
		{4D97299B-73D0-4322-816E-4E8E67311ED9}.Release|x86.Build.0 = Release|Win32
		{D8C8EDDA-8407-4DAC-8816-E08D86415A5B}.Debug|x64.ActiveCfg = Debug|x64
		{D8C8EDDA-8407-4DAC-8816-E08D86415A5B}.Debug|x64.Build.0 = Debug|x64
		{D8C8EDDA-8407-4DAC-8816-E08D86415A5B}.Debug|x86.ActiveCfg = Debug|Win32
		{D8C8EDDA-8407-4DAC-8816-E08D86415A5B}.Debug|x86.Build.0 = Debug|Win32
		{D8C8EDDA-8407-4DAC-8816-E08D86415A5B}.Release|x64.ActiveCfg = Release|x64
		{D8C8EDDA-8407-4DAC-8816-E08D86415A5B}.Release|x64.Build.0 = Release|x64
		{D8C8EDDA-8407-4DAC-8816-E08D86415A5B}.Release|x86.ActiveCfg = Release|Win32
		{D8C8EDDA-8407-4DAC-8816-E08D86415A5B}.Release|x86.Build.0 = Release|Win32
		{A0C10216-1474-4768-987C-B8237CBC5569}.Debug|x64.ActiveCfg = Debug|x64
		{A0C10216-1474-4768-987C-B8237CBC5569}.Debug|x64.Build.0 = Debug|x64
		{A0C10216-1474-4768-987C-B8237CBC5569}.Debug|x86.ActiveCfg = Debug|Win32
		{A0C10216-1474-4768-987C-B8237CBC5569}.Debug|x86.Build.0 = Debug|Win32
		{A0C10216-1474-4768-987C-B8237CBC5569}.Release|x64.ActiveCfg = Release|x64
		{A0C10216-1474-4768-987C-B8237CBC5569}.Release|x64.Build.0 = Release|x64
		{A0C10216-1474-4768-987C-B8237CBC5569}.Release|x86.ActiveCfg = Release|Win32
		{A0C10216-1474-4768-987C-B8237CBC5569}.Release|x86.Build.0 = Release|Win32
		{04ED1E7C-487B-417B-8E34-FC80154BF2E3}.Debug|x64.ActiveCfg = Debug|x64
		{04ED1E7C-487B-417B-8E34-FC80154BF2E3}.Debug|x64.Build.0 = Debug|x64
		{04ED1E7C-487B-417B-8E34-FC80154BF2E3}.Debug|x86.ActiveCfg = Debug|Win32
		{04ED1E7C-487B-417B-8E34-FC80154BF2E3}.Debug|x86.Build.0 = Debug|Win32
		{04ED1E7C-487B-417B-8E34-FC80154BF2E3}.Release|x64.ActiveCfg = Release|x64
		{04ED1E7C-487B-417B-8E34-FC80154BF2E3}.Release|x64.Build.0 = Release|x64
		{04ED1E7C-487B-417B-8E34-FC80154BF2E3}.Release|x86.ActiveCfg = Release|Win32
		{04ED1E7C-487B-417B-8E34-FC80154BF2E3}.Release|x86.Build.0 = Release|Win32
		{A7278D52-17A4-49BD-9C5C-5990B20020DB}.Debug|x64.ActiveCfg = Debug|x64
		{A7278D52-17A4-49BD-9C5C-5990B20020DB}.Debug|x64.Build.0 = Debug|x64
		{A7278D52-17A4-49BD-9C5C-5990B20020DB}.Debug|x86.ActiveCfg = Debug|Win32
		{A7278D52-17A4-49BD-9C5C-5990B20020DB}.Debug|x86.Build.0 = Debug|Win32
		{A7278D52-17A4-49BD-9C5C-5990B20020DB}.Release|x64.ActiveCfg = Release|x64
		{A7278D52-17A4-49BD-9C5C-5990B20020DB}.Release|x64.Build.0 = Release|x64
		{A7278D52-17A4-49BD-9C5C-5990B20020DB}.Release|x86.ActiveCfg = Release|Win32
		{A7278D52-17A4-49BD-9C5C-5990B20020DB}.Release|x86.Build.0 = Release|Win32
		{9C016110-15A7-4C39-AFD5-EC024369142D}.Debug|x64.ActiveCfg = Debug|x64
		{9C016110-15A7-4C39-AFD5-EC024369142D}.Debug|x64.Build.0 = Debug|x64
		{9C016110-15A7-4C39-AFD5-EC024369142D}.Debug|x86.ActiveCfg = Debug|Win32
		{9C016110-15A7-4C39-AFD5-EC024369142D}.Debug|x86.Build.0 = Debug|Win32
		{9C016110-15A7-4C39-AFD5-EC024369142D}.Release|x64.ActiveCfg = Release|x64
		{9C016110-15A7-4C39-AFD5-EC024369142D}.Release|x64.Build.0 = Release|x64
		{9C016110-15A7-4C39-AFD5-EC024369142D}.Release|x86.ActiveCfg = Release|Win32
		{9C016110-15A7-4C39-AFD5-EC024369142D}.Release|x86.Build.0 = Release|Win32
		{A3EAB4A3-227E-445F-8771-13B1F5C696CA}.Debug|x64.ActiveCfg = Debug|x64
		{A3EAB4A3-227E-445F-8771-13B1F5C696CA}.Debug|x64.Build.0 = Debug|x64
		{A3EAB4A3-227E-445F-8771-13B1F5C696CA}.Debug|x86.ActiveCfg = Debug|Win32
		{A3EAB4A3-227E-445F-8771-13B1F5C696CA}.Debug|x86.Build.0 = Debug|Win32
		{A3EAB4A3-227E-445F-8771-13B1F5C696CA}.Release|x64.ActiveCfg = Release|x64
		{A3EAB4A3-227E-445F-8771-13B1F5C696CA}.Release|x64.Build.0 = Release|x64
		{A3EAB4A3-227E-445F-8771-13B1F5C696CA}.Release|x86.ActiveCfg = Release|Win32
		{A3EAB4A3-227E-445F-8771-13B1F5C696CA}.Release|x86.Build.0 = Release|Win32
	EndGlobalSection
	GlobalSection(SolutionProperties) = preSolution
		HideSolutionNode = FALSE
	EndGlobalSection
	GlobalSection(ExtensibilityGlobals) = postSolution
		SolutionGuid = {F3CB6FD2-5811-47DF-BB93-A64EA0719572}
	EndGlobalSection
EndGlobal
