
Microsoft Visual Studio Solution File, Format Version 12.00
# Visual Studio Version 16
VisualStudioVersion = 16.0.29728.190
MinimumVisualStudioVersion = 10.0.40219.1
Project("{8BC9CEB8-8B4A-11D0-8D11-00A0C91BC942}") = "13023(ABCDE)", "SW Test Graph\SW Test Graph.vcxproj", "{8F894B24-988B-4865-9A7C-AADD4034BFA7}"
EndProject
Project("{8BC9CEB8-8B4A-11D0-8D11-00A0C91BC942}") = "1260(DFS와 BFS)", "1260(DFS와 BFS)\1260(DFS와 BFS).vcxproj", "{37CB2764-4859-41F7-9A28-53C53CAE6774}"
EndProject
Project("{8BC9CEB8-8B4A-11D0-8D11-00A0C91BC942}") = "11724(연결 요소의 개수)", "11724(연결 요소의 개수)\11724(연결 요소의 개수).vcxproj", "{9C44CC12-32BE-4B6E-840C-DB2870C1FFCE}"
EndProject
Project("{8BC9CEB8-8B4A-11D0-8D11-00A0C91BC942}") = "1707(이분 그래프)", "1707(이분 그래프)\1707(이분 그래프).vcxproj", "{99A4C161-FD13-4B14-A0D4-E408EA72CF09}"
EndProject
Project("{8BC9CEB8-8B4A-11D0-8D11-00A0C91BC942}") = "2667(단지번호 붙이기)", "2667\2667.vcxproj", "{DB9BAA6C-8E69-4829-8337-3AD4A4926E31}"
EndProject
Project("{8BC9CEB8-8B4A-11D0-8D11-00A0C91BC942}") = "4963(섬의 개수)", "4963(섬의 개수)\4963(섬의 개수).vcxproj", "{49D0A6BB-F10E-48E8-A93E-1C8B977BD0A8}"
EndProject
Project("{8BC9CEB8-8B4A-11D0-8D11-00A0C91BC942}") = "2178(미로 탐색)", "2178(미로 탐색)\2178(미로 탐색).vcxproj", "{5BD7F34C-28D5-4ADE-9328-E6BA3E70D2AE}"
EndProject
Project("{8BC9CEB8-8B4A-11D0-8D11-00A0C91BC942}") = "7576(토마토)", "7576(토마토)\7576(토마토).vcxproj", "{7C91804C-5F77-48E5-B1D1-7B60093E0A25}"
EndProject
Project("{8BC9CEB8-8B4A-11D0-8D11-00A0C91BC942}") = "1697(숨바꼭질)", "1697(숨바꼭질)\1697(숨바꼭질).vcxproj", "{6AC1677A-F1E3-4402-A31F-B639DEF82246}"
EndProject
Project("{8BC9CEB8-8B4A-11D0-8D11-00A0C91BC942}") = "14226(이모티콘)", "14226(이모티콘)\14226(이모티콘).vcxproj", "{DE34832F-8631-498A-BAA6-31716E3EC18A}"
EndProject
Project("{8BC9CEB8-8B4A-11D0-8D11-00A0C91BC942}") = "13549(숨바꼭질 3)", "13549(숨바꼭질 3)\13549(숨바꼭질 3).vcxproj", "{8FFB6044-F9E6-48A1-BCD5-3C49C39C6525}"
EndProject
Project("{8BC9CEB8-8B4A-11D0-8D11-00A0C91BC942}") = "1261(알고스팟)", "1261(알고스팟)\1261(알고스팟).vcxproj", "{33D34F4B-8458-436F-BDD8-6AE3E5CC7E4C}"
EndProject
Project("{8BC9CEB8-8B4A-11D0-8D11-00A0C91BC942}") = "2206(벽 부수고 이동하기)", "2206(벽 부수고 이동하기)\2206(벽 부수고 이동하기).vcxproj", "{28959170-AF52-4AF7-9C02-48B5C02521BA}"
EndProject
Project("{8BC9CEB8-8B4A-11D0-8D11-00A0C91BC942}") = "3055(탈출)", "3055(탈출)\3055(탈출).vcxproj", "{0256F01A-79C8-49F3-B68B-B828B090ADE1}"
EndProject
Global
	GlobalSection(SolutionConfigurationPlatforms) = preSolution
		Debug|x64 = Debug|x64
		Debug|x86 = Debug|x86
		Release|x64 = Release|x64
		Release|x86 = Release|x86
	EndGlobalSection
	GlobalSection(ProjectConfigurationPlatforms) = postSolution
		{8F894B24-988B-4865-9A7C-AADD4034BFA7}.Debug|x64.ActiveCfg = Debug|x64
		{8F894B24-988B-4865-9A7C-AADD4034BFA7}.Debug|x64.Build.0 = Debug|x64
		{8F894B24-988B-4865-9A7C-AADD4034BFA7}.Debug|x86.ActiveCfg = Debug|Win32
		{8F894B24-988B-4865-9A7C-AADD4034BFA7}.Debug|x86.Build.0 = Debug|Win32
		{8F894B24-988B-4865-9A7C-AADD4034BFA7}.Release|x64.ActiveCfg = Release|x64
		{8F894B24-988B-4865-9A7C-AADD4034BFA7}.Release|x64.Build.0 = Release|x64
		{8F894B24-988B-4865-9A7C-AADD4034BFA7}.Release|x86.ActiveCfg = Release|Win32
		{8F894B24-988B-4865-9A7C-AADD4034BFA7}.Release|x86.Build.0 = Release|Win32
		{37CB2764-4859-41F7-9A28-53C53CAE6774}.Debug|x64.ActiveCfg = Debug|x64
		{37CB2764-4859-41F7-9A28-53C53CAE6774}.Debug|x64.Build.0 = Debug|x64
		{37CB2764-4859-41F7-9A28-53C53CAE6774}.Debug|x86.ActiveCfg = Debug|Win32
		{37CB2764-4859-41F7-9A28-53C53CAE6774}.Debug|x86.Build.0 = Debug|Win32
		{37CB2764-4859-41F7-9A28-53C53CAE6774}.Release|x64.ActiveCfg = Release|x64
		{37CB2764-4859-41F7-9A28-53C53CAE6774}.Release|x64.Build.0 = Release|x64
		{37CB2764-4859-41F7-9A28-53C53CAE6774}.Release|x86.ActiveCfg = Release|Win32
		{37CB2764-4859-41F7-9A28-53C53CAE6774}.Release|x86.Build.0 = Release|Win32
		{9C44CC12-32BE-4B6E-840C-DB2870C1FFCE}.Debug|x64.ActiveCfg = Debug|x64
		{9C44CC12-32BE-4B6E-840C-DB2870C1FFCE}.Debug|x64.Build.0 = Debug|x64
		{9C44CC12-32BE-4B6E-840C-DB2870C1FFCE}.Debug|x86.ActiveCfg = Debug|Win32
		{9C44CC12-32BE-4B6E-840C-DB2870C1FFCE}.Debug|x86.Build.0 = Debug|Win32
		{9C44CC12-32BE-4B6E-840C-DB2870C1FFCE}.Release|x64.ActiveCfg = Release|x64
		{9C44CC12-32BE-4B6E-840C-DB2870C1FFCE}.Release|x64.Build.0 = Release|x64
		{9C44CC12-32BE-4B6E-840C-DB2870C1FFCE}.Release|x86.ActiveCfg = Release|Win32
		{9C44CC12-32BE-4B6E-840C-DB2870C1FFCE}.Release|x86.Build.0 = Release|Win32
		{99A4C161-FD13-4B14-A0D4-E408EA72CF09}.Debug|x64.ActiveCfg = Debug|x64
		{99A4C161-FD13-4B14-A0D4-E408EA72CF09}.Debug|x64.Build.0 = Debug|x64
		{99A4C161-FD13-4B14-A0D4-E408EA72CF09}.Debug|x86.ActiveCfg = Debug|Win32
		{99A4C161-FD13-4B14-A0D4-E408EA72CF09}.Debug|x86.Build.0 = Debug|Win32
		{99A4C161-FD13-4B14-A0D4-E408EA72CF09}.Release|x64.ActiveCfg = Release|x64
		{99A4C161-FD13-4B14-A0D4-E408EA72CF09}.Release|x64.Build.0 = Release|x64
		{99A4C161-FD13-4B14-A0D4-E408EA72CF09}.Release|x86.ActiveCfg = Release|Win32
		{99A4C161-FD13-4B14-A0D4-E408EA72CF09}.Release|x86.Build.0 = Release|Win32
		{DB9BAA6C-8E69-4829-8337-3AD4A4926E31}.Debug|x64.ActiveCfg = Debug|x64
		{DB9BAA6C-8E69-4829-8337-3AD4A4926E31}.Debug|x64.Build.0 = Debug|x64
		{DB9BAA6C-8E69-4829-8337-3AD4A4926E31}.Debug|x86.ActiveCfg = Debug|Win32
		{DB9BAA6C-8E69-4829-8337-3AD4A4926E31}.Debug|x86.Build.0 = Debug|Win32
		{DB9BAA6C-8E69-4829-8337-3AD4A4926E31}.Release|x64.ActiveCfg = Release|x64
		{DB9BAA6C-8E69-4829-8337-3AD4A4926E31}.Release|x64.Build.0 = Release|x64
		{DB9BAA6C-8E69-4829-8337-3AD4A4926E31}.Release|x86.ActiveCfg = Release|Win32
		{DB9BAA6C-8E69-4829-8337-3AD4A4926E31}.Release|x86.Build.0 = Release|Win32
		{49D0A6BB-F10E-48E8-A93E-1C8B977BD0A8}.Debug|x64.ActiveCfg = Debug|x64
		{49D0A6BB-F10E-48E8-A93E-1C8B977BD0A8}.Debug|x64.Build.0 = Debug|x64
		{49D0A6BB-F10E-48E8-A93E-1C8B977BD0A8}.Debug|x86.ActiveCfg = Debug|Win32
		{49D0A6BB-F10E-48E8-A93E-1C8B977BD0A8}.Debug|x86.Build.0 = Debug|Win32
		{49D0A6BB-F10E-48E8-A93E-1C8B977BD0A8}.Release|x64.ActiveCfg = Release|x64
		{49D0A6BB-F10E-48E8-A93E-1C8B977BD0A8}.Release|x64.Build.0 = Release|x64
		{49D0A6BB-F10E-48E8-A93E-1C8B977BD0A8}.Release|x86.ActiveCfg = Release|Win32
		{49D0A6BB-F10E-48E8-A93E-1C8B977BD0A8}.Release|x86.Build.0 = Release|Win32
		{5BD7F34C-28D5-4ADE-9328-E6BA3E70D2AE}.Debug|x64.ActiveCfg = Debug|x64
		{5BD7F34C-28D5-4ADE-9328-E6BA3E70D2AE}.Debug|x64.Build.0 = Debug|x64
		{5BD7F34C-28D5-4ADE-9328-E6BA3E70D2AE}.Debug|x86.ActiveCfg = Debug|Win32
		{5BD7F34C-28D5-4ADE-9328-E6BA3E70D2AE}.Debug|x86.Build.0 = Debug|Win32
		{5BD7F34C-28D5-4ADE-9328-E6BA3E70D2AE}.Release|x64.ActiveCfg = Release|x64
		{5BD7F34C-28D5-4ADE-9328-E6BA3E70D2AE}.Release|x64.Build.0 = Release|x64
		{5BD7F34C-28D5-4ADE-9328-E6BA3E70D2AE}.Release|x86.ActiveCfg = Release|Win32
		{5BD7F34C-28D5-4ADE-9328-E6BA3E70D2AE}.Release|x86.Build.0 = Release|Win32
		{7C91804C-5F77-48E5-B1D1-7B60093E0A25}.Debug|x64.ActiveCfg = Debug|x64
		{7C91804C-5F77-48E5-B1D1-7B60093E0A25}.Debug|x64.Build.0 = Debug|x64
		{7C91804C-5F77-48E5-B1D1-7B60093E0A25}.Debug|x86.ActiveCfg = Debug|Win32
		{7C91804C-5F77-48E5-B1D1-7B60093E0A25}.Debug|x86.Build.0 = Debug|Win32
		{7C91804C-5F77-48E5-B1D1-7B60093E0A25}.Release|x64.ActiveCfg = Release|x64
		{7C91804C-5F77-48E5-B1D1-7B60093E0A25}.Release|x64.Build.0 = Release|x64
		{7C91804C-5F77-48E5-B1D1-7B60093E0A25}.Release|x86.ActiveCfg = Release|Win32
		{7C91804C-5F77-48E5-B1D1-7B60093E0A25}.Release|x86.Build.0 = Release|Win32
		{6AC1677A-F1E3-4402-A31F-B639DEF82246}.Debug|x64.ActiveCfg = Debug|x64
		{6AC1677A-F1E3-4402-A31F-B639DEF82246}.Debug|x64.Build.0 = Debug|x64
		{6AC1677A-F1E3-4402-A31F-B639DEF82246}.Debug|x86.ActiveCfg = Debug|Win32
		{6AC1677A-F1E3-4402-A31F-B639DEF82246}.Debug|x86.Build.0 = Debug|Win32
		{6AC1677A-F1E3-4402-A31F-B639DEF82246}.Release|x64.ActiveCfg = Release|x64
		{6AC1677A-F1E3-4402-A31F-B639DEF82246}.Release|x64.Build.0 = Release|x64
		{6AC1677A-F1E3-4402-A31F-B639DEF82246}.Release|x86.ActiveCfg = Release|Win32
		{6AC1677A-F1E3-4402-A31F-B639DEF82246}.Release|x86.Build.0 = Release|Win32
		{DE34832F-8631-498A-BAA6-31716E3EC18A}.Debug|x64.ActiveCfg = Debug|x64
		{DE34832F-8631-498A-BAA6-31716E3EC18A}.Debug|x64.Build.0 = Debug|x64
		{DE34832F-8631-498A-BAA6-31716E3EC18A}.Debug|x86.ActiveCfg = Debug|Win32
		{DE34832F-8631-498A-BAA6-31716E3EC18A}.Debug|x86.Build.0 = Debug|Win32
		{DE34832F-8631-498A-BAA6-31716E3EC18A}.Release|x64.ActiveCfg = Release|x64
		{DE34832F-8631-498A-BAA6-31716E3EC18A}.Release|x64.Build.0 = Release|x64
		{DE34832F-8631-498A-BAA6-31716E3EC18A}.Release|x86.ActiveCfg = Release|Win32
		{DE34832F-8631-498A-BAA6-31716E3EC18A}.Release|x86.Build.0 = Release|Win32
		{8FFB6044-F9E6-48A1-BCD5-3C49C39C6525}.Debug|x64.ActiveCfg = Debug|x64
		{8FFB6044-F9E6-48A1-BCD5-3C49C39C6525}.Debug|x64.Build.0 = Debug|x64
		{8FFB6044-F9E6-48A1-BCD5-3C49C39C6525}.Debug|x86.ActiveCfg = Debug|Win32
		{8FFB6044-F9E6-48A1-BCD5-3C49C39C6525}.Debug|x86.Build.0 = Debug|Win32
		{8FFB6044-F9E6-48A1-BCD5-3C49C39C6525}.Release|x64.ActiveCfg = Release|x64
		{8FFB6044-F9E6-48A1-BCD5-3C49C39C6525}.Release|x64.Build.0 = Release|x64
		{8FFB6044-F9E6-48A1-BCD5-3C49C39C6525}.Release|x86.ActiveCfg = Release|Win32
		{8FFB6044-F9E6-48A1-BCD5-3C49C39C6525}.Release|x86.Build.0 = Release|Win32
		{33D34F4B-8458-436F-BDD8-6AE3E5CC7E4C}.Debug|x64.ActiveCfg = Debug|x64
		{33D34F4B-8458-436F-BDD8-6AE3E5CC7E4C}.Debug|x64.Build.0 = Debug|x64
		{33D34F4B-8458-436F-BDD8-6AE3E5CC7E4C}.Debug|x86.ActiveCfg = Debug|Win32
		{33D34F4B-8458-436F-BDD8-6AE3E5CC7E4C}.Debug|x86.Build.0 = Debug|Win32
		{33D34F4B-8458-436F-BDD8-6AE3E5CC7E4C}.Release|x64.ActiveCfg = Release|x64
		{33D34F4B-8458-436F-BDD8-6AE3E5CC7E4C}.Release|x64.Build.0 = Release|x64
		{33D34F4B-8458-436F-BDD8-6AE3E5CC7E4C}.Release|x86.ActiveCfg = Release|Win32
		{33D34F4B-8458-436F-BDD8-6AE3E5CC7E4C}.Release|x86.Build.0 = Release|Win32
		{28959170-AF52-4AF7-9C02-48B5C02521BA}.Debug|x64.ActiveCfg = Debug|x64
		{28959170-AF52-4AF7-9C02-48B5C02521BA}.Debug|x64.Build.0 = Debug|x64
		{28959170-AF52-4AF7-9C02-48B5C02521BA}.Debug|x86.ActiveCfg = Debug|Win32
		{28959170-AF52-4AF7-9C02-48B5C02521BA}.Debug|x86.Build.0 = Debug|Win32
		{28959170-AF52-4AF7-9C02-48B5C02521BA}.Release|x64.ActiveCfg = Release|x64
		{28959170-AF52-4AF7-9C02-48B5C02521BA}.Release|x64.Build.0 = Release|x64
		{28959170-AF52-4AF7-9C02-48B5C02521BA}.Release|x86.ActiveCfg = Release|Win32
		{28959170-AF52-4AF7-9C02-48B5C02521BA}.Release|x86.Build.0 = Release|Win32
		{0256F01A-79C8-49F3-B68B-B828B090ADE1}.Debug|x64.ActiveCfg = Debug|x64
		{0256F01A-79C8-49F3-B68B-B828B090ADE1}.Debug|x64.Build.0 = Debug|x64
		{0256F01A-79C8-49F3-B68B-B828B090ADE1}.Debug|x86.ActiveCfg = Debug|Win32
		{0256F01A-79C8-49F3-B68B-B828B090ADE1}.Debug|x86.Build.0 = Debug|Win32
		{0256F01A-79C8-49F3-B68B-B828B090ADE1}.Release|x64.ActiveCfg = Release|x64
		{0256F01A-79C8-49F3-B68B-B828B090ADE1}.Release|x64.Build.0 = Release|x64
		{0256F01A-79C8-49F3-B68B-B828B090ADE1}.Release|x86.ActiveCfg = Release|Win32
		{0256F01A-79C8-49F3-B68B-B828B090ADE1}.Release|x86.Build.0 = Release|Win32
	EndGlobalSection
	GlobalSection(SolutionProperties) = preSolution
		HideSolutionNode = FALSE
	EndGlobalSection
	GlobalSection(ExtensibilityGlobals) = postSolution
		SolutionGuid = {239C49BB-3E7D-4659-B4EB-40BCFECBF6FF}
	EndGlobalSection
EndGlobal
