
Microsoft Visual Studio Solution File, Format Version 12.00
# Visual Studio Version 16
VisualStudioVersion = 16.0.29728.190
MinimumVisualStudioVersion = 10.0.40219.1
Project("{8BC9CEB8-8B4A-11D0-8D11-00A0C91BC942}") = "[16198] 에너지 모으기", "[16198] 에너지 모으기\[16198] 에너지 모으기.vcxproj", "{216A7E33-A8C7-47E4-BA16-DD38D67B4794}"
EndProject
Global
	GlobalSection(SolutionConfigurationPlatforms) = preSolution
		Debug|x64 = Debug|x64
		Debug|x86 = Debug|x86
		Release|x64 = Release|x64
		Release|x86 = Release|x86
	EndGlobalSection
	GlobalSection(ProjectConfigurationPlatforms) = postSolution
		{216A7E33-A8C7-47E4-BA16-DD38D67B4794}.Debug|x64.ActiveCfg = Debug|x64
		{216A7E33-A8C7-47E4-BA16-DD38D67B4794}.Debug|x64.Build.0 = Debug|x64
		{216A7E33-A8C7-47E4-BA16-DD38D67B4794}.Debug|x86.ActiveCfg = Debug|Win32
		{216A7E33-A8C7-47E4-BA16-DD38D67B4794}.Debug|x86.Build.0 = Debug|Win32
		{216A7E33-A8C7-47E4-BA16-DD38D67B4794}.Release|x64.ActiveCfg = Release|x64
		{216A7E33-A8C7-47E4-BA16-DD38D67B4794}.Release|x64.Build.0 = Release|x64
		{216A7E33-A8C7-47E4-BA16-DD38D67B4794}.Release|x86.ActiveCfg = Release|Win32
		{216A7E33-A8C7-47E4-BA16-DD38D67B4794}.Release|x86.Build.0 = Release|Win32
	EndGlobalSection
	GlobalSection(SolutionProperties) = preSolution
		HideSolutionNode = FALSE
	EndGlobalSection
	GlobalSection(ExtensibilityGlobals) = postSolution
		SolutionGuid = {83F37325-63D5-43EC-846D-F93B4758B551}
	EndGlobalSection
EndGlobal
