
Microsoft Visual Studio Solution File, Format Version 12.00
# Visual Studio Version 16
VisualStudioVersion = 16.0.29728.190
MinimumVisualStudioVersion = 10.0.40219.1
Project("{8BC9CEB8-8B4A-11D0-8D11-00A0C91BC942}") = "1463(1로 만들기)", "SW Test DP\SW Test DP.vcxproj", "{F8E0CB13-DF07-4BF3-8A5E-6060445315D6}"
EndProject
Project("{8BC9CEB8-8B4A-11D0-8D11-00A0C91BC942}") = "11726(2xn 타일링)", "11726(2xn 타일링)\11726(2xn 타일링).vcxproj", "{60319BAE-76D3-4E78-A558-3B1D1B9A8850}"
EndProject
Project("{8BC9CEB8-8B4A-11D0-8D11-00A0C91BC942}") = "11727(2xn 타일링 2)", "11727(2xn 타일링 2)\11727(2xn 타일링 2).vcxproj", "{29B5D160-21B3-4B1C-87E5-75C34A52C808}"
EndProject
Project("{8BC9CEB8-8B4A-11D0-8D11-00A0C91BC942}") = "9095(1,2,3 더하기)", "9095(1,2,3 더하기)\9095(1,2,3 더하기).vcxproj", "{DB86ECBB-41D7-43CC-BB94-8656E7BC334C}"
EndProject
Project("{8BC9CEB8-8B4A-11D0-8D11-00A0C91BC942}") = "15988(1, 2, 3 더하기 3)", "15988(1, 2, 3 더하기 3)\15988(1, 2, 3 더하기 3).vcxproj", "{E49BFD64-1B08-4BCA-80F5-A68DD3123C18}"
EndProject
Project("{8BC9CEB8-8B4A-11D0-8D11-00A0C91BC942}") = "11052(카드 구매하기)", "11052(카드 구매하기)\11052(카드 구매하기).vcxproj", "{FAACD796-CB9A-436A-8319-DB8C07CAF163}"
EndProject
Project("{8BC9CEB8-8B4A-11D0-8D11-00A0C91BC942}") = "16194(카드 구매하기 2)", "16194(카드 구매하기 2)\16194(카드 구매하기 2).vcxproj", "{76D18E9E-7DB7-4AF9-ADCF-98EBC399FDFE}"
EndProject
Project("{8BC9CEB8-8B4A-11D0-8D11-00A0C91BC942}") = "15990(1, 2, 3 더하기 5)", "15990(1, 2, 3 더하기 5)\15990(1, 2, 3 더하기 5).vcxproj", "{4F2040DE-B9D7-4DAE-9E58-0D80592C3E12}"
EndProject
Project("{8BC9CEB8-8B4A-11D0-8D11-00A0C91BC942}") = "10844(쉬운 계단 수)", "10844(쉬운 계단 수)\10844(쉬운 계단 수).vcxproj", "{E3B37853-FB4E-4242-AE48-AF260E91B70A}"
EndProject
Project("{8BC9CEB8-8B4A-11D0-8D11-00A0C91BC942}") = "11057(오르막 수)", "11057(오르막 수)\11057(오르막 수).vcxproj", "{84A30E23-8D4E-49D4-BCB3-6682DC669068}"
EndProject
Project("{8BC9CEB8-8B4A-11D0-8D11-00A0C91BC942}") = "2193(이친수)", "2193(이친수)\2193(이친수).vcxproj", "{A7662D24-DAA9-4D51-92B9-CA5649A4DB9F}"
EndProject
Project("{8BC9CEB8-8B4A-11D0-8D11-00A0C91BC942}") = "9465(스티커)", "9465(스티커)\9465(스티커).vcxproj", "{CA1D73A6-1BFA-40E6-9A3F-0EEFC2B05724}"
EndProject
Project("{8BC9CEB8-8B4A-11D0-8D11-00A0C91BC942}") = "2156(포도주 시식)", "2156(포도주 시식)\2156(포도주 시식).vcxproj", "{1FA726AA-A273-4B3E-9F5E-D2E80138A491}"
EndProject
Project("{8BC9CEB8-8B4A-11D0-8D11-00A0C91BC942}") = "11053(가장 긴 증가하는 부분 수열)", "11053(가장 긴 증가하는 부분 수열)\11053(가장 긴 증가하는 부분 수열).vcxproj", "{6A053B4E-2423-47EF-91EF-770C28B40941}"
EndProject
Project("{8BC9CEB8-8B4A-11D0-8D11-00A0C91BC942}") = "14002(가장 긴 증가하는 부분 수열 4)", "14002(가장 긴 증가하는 부분 수열 4)\14002(가장 긴 증가하는 부분 수열 4).vcxproj", "{ECF74EA5-E280-48BB-86AB-0389552D463C}"
EndProject
Project("{8BC9CEB8-8B4A-11D0-8D11-00A0C91BC942}") = "11055(가장 큰 증가 부분 수열)", "11055(가장 큰 증가 부분 수열)\11055(가장 큰 증가 부분 수열).vcxproj", "{041C669A-B0F6-494F-AC51-BE51515C7DEA}"
EndProject
Project("{8BC9CEB8-8B4A-11D0-8D11-00A0C91BC942}") = "11722(가장 긴 감소하는 부분 수열)", "11722(가장 긴 감소하는 부분 수열)\11722(가장 긴 감소하는 부분 수열).vcxproj", "{1D66CF28-E217-4143-A841-3C42E3228B2E}"
EndProject
Project("{8BC9CEB8-8B4A-11D0-8D11-00A0C91BC942}") = "11054(가장 긴 바이토닉 부분 수열)", "11054(가장 긴 바이토닉 부분 수열)\11054(가장 긴 바이토닉 부분 수열).vcxproj", "{E2AC0C37-91A5-49D3-BAA2-0E138B93440D}"
EndProject
Project("{8BC9CEB8-8B4A-11D0-8D11-00A0C91BC942}") = "1912(연속합)", "1912(연속합)\1912(연속합).vcxproj", "{D41B740D-0C90-49F4-97CF-39CBD77B0DC7}"
EndProject
Project("{8BC9CEB8-8B4A-11D0-8D11-00A0C91BC942}") = "13398(연속합2)", "13398(연속합2)\13398(연속합2).vcxproj", "{D0FC194A-9434-4D06-BFD7-36263F1DE2A8}"
EndProject
Project("{8BC9CEB8-8B4A-11D0-8D11-00A0C91BC942}") = "1699(제곱수의 합)", "1699(제곱수의 합)\1699(제곱수의 합).vcxproj", "{56454E26-9296-4AF8-845C-E4732C4A7490}"
EndProject
Project("{8BC9CEB8-8B4A-11D0-8D11-00A0C91BC942}") = "2225(합분해)", "2225(합분해)\2225(합분해).vcxproj", "{E2C17774-7C88-4EB3-A7E9-6D6137D627AD}"
EndProject
Global
	GlobalSection(SolutionConfigurationPlatforms) = preSolution
		Debug|x64 = Debug|x64
		Debug|x86 = Debug|x86
		Release|x64 = Release|x64
		Release|x86 = Release|x86
	EndGlobalSection
	GlobalSection(ProjectConfigurationPlatforms) = postSolution
		{F8E0CB13-DF07-4BF3-8A5E-6060445315D6}.Debug|x64.ActiveCfg = Debug|x64
		{F8E0CB13-DF07-4BF3-8A5E-6060445315D6}.Debug|x64.Build.0 = Debug|x64
		{F8E0CB13-DF07-4BF3-8A5E-6060445315D6}.Debug|x86.ActiveCfg = Debug|Win32
		{F8E0CB13-DF07-4BF3-8A5E-6060445315D6}.Debug|x86.Build.0 = Debug|Win32
		{F8E0CB13-DF07-4BF3-8A5E-6060445315D6}.Release|x64.ActiveCfg = Release|x64
		{F8E0CB13-DF07-4BF3-8A5E-6060445315D6}.Release|x64.Build.0 = Release|x64
		{F8E0CB13-DF07-4BF3-8A5E-6060445315D6}.Release|x86.ActiveCfg = Release|Win32
		{F8E0CB13-DF07-4BF3-8A5E-6060445315D6}.Release|x86.Build.0 = Release|Win32
		{60319BAE-76D3-4E78-A558-3B1D1B9A8850}.Debug|x64.ActiveCfg = Debug|x64
		{60319BAE-76D3-4E78-A558-3B1D1B9A8850}.Debug|x64.Build.0 = Debug|x64
		{60319BAE-76D3-4E78-A558-3B1D1B9A8850}.Debug|x86.ActiveCfg = Debug|Win32
		{60319BAE-76D3-4E78-A558-3B1D1B9A8850}.Debug|x86.Build.0 = Debug|Win32
		{60319BAE-76D3-4E78-A558-3B1D1B9A8850}.Release|x64.ActiveCfg = Release|x64
		{60319BAE-76D3-4E78-A558-3B1D1B9A8850}.Release|x64.Build.0 = Release|x64
		{60319BAE-76D3-4E78-A558-3B1D1B9A8850}.Release|x86.ActiveCfg = Release|Win32
		{60319BAE-76D3-4E78-A558-3B1D1B9A8850}.Release|x86.Build.0 = Release|Win32
		{29B5D160-21B3-4B1C-87E5-75C34A52C808}.Debug|x64.ActiveCfg = Debug|x64
		{29B5D160-21B3-4B1C-87E5-75C34A52C808}.Debug|x64.Build.0 = Debug|x64
		{29B5D160-21B3-4B1C-87E5-75C34A52C808}.Debug|x86.ActiveCfg = Debug|Win32
		{29B5D160-21B3-4B1C-87E5-75C34A52C808}.Debug|x86.Build.0 = Debug|Win32
		{29B5D160-21B3-4B1C-87E5-75C34A52C808}.Release|x64.ActiveCfg = Release|x64
		{29B5D160-21B3-4B1C-87E5-75C34A52C808}.Release|x64.Build.0 = Release|x64
		{29B5D160-21B3-4B1C-87E5-75C34A52C808}.Release|x86.ActiveCfg = Release|Win32
		{29B5D160-21B3-4B1C-87E5-75C34A52C808}.Release|x86.Build.0 = Release|Win32
		{DB86ECBB-41D7-43CC-BB94-8656E7BC334C}.Debug|x64.ActiveCfg = Debug|x64
		{DB86ECBB-41D7-43CC-BB94-8656E7BC334C}.Debug|x64.Build.0 = Debug|x64
		{DB86ECBB-41D7-43CC-BB94-8656E7BC334C}.Debug|x86.ActiveCfg = Debug|Win32
		{DB86ECBB-41D7-43CC-BB94-8656E7BC334C}.Debug|x86.Build.0 = Debug|Win32
		{DB86ECBB-41D7-43CC-BB94-8656E7BC334C}.Release|x64.ActiveCfg = Release|x64
		{DB86ECBB-41D7-43CC-BB94-8656E7BC334C}.Release|x64.Build.0 = Release|x64
		{DB86ECBB-41D7-43CC-BB94-8656E7BC334C}.Release|x86.ActiveCfg = Release|Win32
		{DB86ECBB-41D7-43CC-BB94-8656E7BC334C}.Release|x86.Build.0 = Release|Win32
		{E49BFD64-1B08-4BCA-80F5-A68DD3123C18}.Debug|x64.ActiveCfg = Debug|x64
		{E49BFD64-1B08-4BCA-80F5-A68DD3123C18}.Debug|x64.Build.0 = Debug|x64
		{E49BFD64-1B08-4BCA-80F5-A68DD3123C18}.Debug|x86.ActiveCfg = Debug|Win32
		{E49BFD64-1B08-4BCA-80F5-A68DD3123C18}.Debug|x86.Build.0 = Debug|Win32
		{E49BFD64-1B08-4BCA-80F5-A68DD3123C18}.Release|x64.ActiveCfg = Release|x64
		{E49BFD64-1B08-4BCA-80F5-A68DD3123C18}.Release|x64.Build.0 = Release|x64
		{E49BFD64-1B08-4BCA-80F5-A68DD3123C18}.Release|x86.ActiveCfg = Release|Win32
		{E49BFD64-1B08-4BCA-80F5-A68DD3123C18}.Release|x86.Build.0 = Release|Win32
		{FAACD796-CB9A-436A-8319-DB8C07CAF163}.Debug|x64.ActiveCfg = Debug|x64
		{FAACD796-CB9A-436A-8319-DB8C07CAF163}.Debug|x64.Build.0 = Debug|x64
		{FAACD796-CB9A-436A-8319-DB8C07CAF163}.Debug|x86.ActiveCfg = Debug|Win32
		{FAACD796-CB9A-436A-8319-DB8C07CAF163}.Debug|x86.Build.0 = Debug|Win32
		{FAACD796-CB9A-436A-8319-DB8C07CAF163}.Release|x64.ActiveCfg = Release|x64
		{FAACD796-CB9A-436A-8319-DB8C07CAF163}.Release|x64.Build.0 = Release|x64
		{FAACD796-CB9A-436A-8319-DB8C07CAF163}.Release|x86.ActiveCfg = Release|Win32
		{FAACD796-CB9A-436A-8319-DB8C07CAF163}.Release|x86.Build.0 = Release|Win32
		{76D18E9E-7DB7-4AF9-ADCF-98EBC399FDFE}.Debug|x64.ActiveCfg = Debug|x64
		{76D18E9E-7DB7-4AF9-ADCF-98EBC399FDFE}.Debug|x64.Build.0 = Debug|x64
		{76D18E9E-7DB7-4AF9-ADCF-98EBC399FDFE}.Debug|x86.ActiveCfg = Debug|Win32
		{76D18E9E-7DB7-4AF9-ADCF-98EBC399FDFE}.Debug|x86.Build.0 = Debug|Win32
		{76D18E9E-7DB7-4AF9-ADCF-98EBC399FDFE}.Release|x64.ActiveCfg = Release|x64
		{76D18E9E-7DB7-4AF9-ADCF-98EBC399FDFE}.Release|x64.Build.0 = Release|x64
		{76D18E9E-7DB7-4AF9-ADCF-98EBC399FDFE}.Release|x86.ActiveCfg = Release|Win32
		{76D18E9E-7DB7-4AF9-ADCF-98EBC399FDFE}.Release|x86.Build.0 = Release|Win32
		{4F2040DE-B9D7-4DAE-9E58-0D80592C3E12}.Debug|x64.ActiveCfg = Debug|x64
		{4F2040DE-B9D7-4DAE-9E58-0D80592C3E12}.Debug|x64.Build.0 = Debug|x64
		{4F2040DE-B9D7-4DAE-9E58-0D80592C3E12}.Debug|x86.ActiveCfg = Debug|Win32
		{4F2040DE-B9D7-4DAE-9E58-0D80592C3E12}.Debug|x86.Build.0 = Debug|Win32
		{4F2040DE-B9D7-4DAE-9E58-0D80592C3E12}.Release|x64.ActiveCfg = Release|x64
		{4F2040DE-B9D7-4DAE-9E58-0D80592C3E12}.Release|x64.Build.0 = Release|x64
		{4F2040DE-B9D7-4DAE-9E58-0D80592C3E12}.Release|x86.ActiveCfg = Release|Win32
		{4F2040DE-B9D7-4DAE-9E58-0D80592C3E12}.Release|x86.Build.0 = Release|Win32
		{E3B37853-FB4E-4242-AE48-AF260E91B70A}.Debug|x64.ActiveCfg = Debug|x64
		{E3B37853-FB4E-4242-AE48-AF260E91B70A}.Debug|x64.Build.0 = Debug|x64
		{E3B37853-FB4E-4242-AE48-AF260E91B70A}.Debug|x86.ActiveCfg = Debug|Win32
		{E3B37853-FB4E-4242-AE48-AF260E91B70A}.Debug|x86.Build.0 = Debug|Win32
		{E3B37853-FB4E-4242-AE48-AF260E91B70A}.Release|x64.ActiveCfg = Release|x64
		{E3B37853-FB4E-4242-AE48-AF260E91B70A}.Release|x64.Build.0 = Release|x64
		{E3B37853-FB4E-4242-AE48-AF260E91B70A}.Release|x86.ActiveCfg = Release|Win32
		{E3B37853-FB4E-4242-AE48-AF260E91B70A}.Release|x86.Build.0 = Release|Win32
		{84A30E23-8D4E-49D4-BCB3-6682DC669068}.Debug|x64.ActiveCfg = Debug|x64
		{84A30E23-8D4E-49D4-BCB3-6682DC669068}.Debug|x64.Build.0 = Debug|x64
		{84A30E23-8D4E-49D4-BCB3-6682DC669068}.Debug|x86.ActiveCfg = Debug|Win32
		{84A30E23-8D4E-49D4-BCB3-6682DC669068}.Debug|x86.Build.0 = Debug|Win32
		{84A30E23-8D4E-49D4-BCB3-6682DC669068}.Release|x64.ActiveCfg = Release|x64
		{84A30E23-8D4E-49D4-BCB3-6682DC669068}.Release|x64.Build.0 = Release|x64
		{84A30E23-8D4E-49D4-BCB3-6682DC669068}.Release|x86.ActiveCfg = Release|Win32
		{84A30E23-8D4E-49D4-BCB3-6682DC669068}.Release|x86.Build.0 = Release|Win32
		{A7662D24-DAA9-4D51-92B9-CA5649A4DB9F}.Debug|x64.ActiveCfg = Debug|x64
		{A7662D24-DAA9-4D51-92B9-CA5649A4DB9F}.Debug|x64.Build.0 = Debug|x64
		{A7662D24-DAA9-4D51-92B9-CA5649A4DB9F}.Debug|x86.ActiveCfg = Debug|Win32
		{A7662D24-DAA9-4D51-92B9-CA5649A4DB9F}.Debug|x86.Build.0 = Debug|Win32
		{A7662D24-DAA9-4D51-92B9-CA5649A4DB9F}.Release|x64.ActiveCfg = Release|x64
		{A7662D24-DAA9-4D51-92B9-CA5649A4DB9F}.Release|x64.Build.0 = Release|x64
		{A7662D24-DAA9-4D51-92B9-CA5649A4DB9F}.Release|x86.ActiveCfg = Release|Win32
		{A7662D24-DAA9-4D51-92B9-CA5649A4DB9F}.Release|x86.Build.0 = Release|Win32
		{CA1D73A6-1BFA-40E6-9A3F-0EEFC2B05724}.Debug|x64.ActiveCfg = Debug|x64
		{CA1D73A6-1BFA-40E6-9A3F-0EEFC2B05724}.Debug|x64.Build.0 = Debug|x64
		{CA1D73A6-1BFA-40E6-9A3F-0EEFC2B05724}.Debug|x86.ActiveCfg = Debug|Win32
		{CA1D73A6-1BFA-40E6-9A3F-0EEFC2B05724}.Debug|x86.Build.0 = Debug|Win32
		{CA1D73A6-1BFA-40E6-9A3F-0EEFC2B05724}.Release|x64.ActiveCfg = Release|x64
		{CA1D73A6-1BFA-40E6-9A3F-0EEFC2B05724}.Release|x64.Build.0 = Release|x64
		{CA1D73A6-1BFA-40E6-9A3F-0EEFC2B05724}.Release|x86.ActiveCfg = Release|Win32
		{CA1D73A6-1BFA-40E6-9A3F-0EEFC2B05724}.Release|x86.Build.0 = Release|Win32
		{1FA726AA-A273-4B3E-9F5E-D2E80138A491}.Debug|x64.ActiveCfg = Debug|x64
		{1FA726AA-A273-4B3E-9F5E-D2E80138A491}.Debug|x64.Build.0 = Debug|x64
		{1FA726AA-A273-4B3E-9F5E-D2E80138A491}.Debug|x86.ActiveCfg = Debug|Win32
		{1FA726AA-A273-4B3E-9F5E-D2E80138A491}.Debug|x86.Build.0 = Debug|Win32
		{1FA726AA-A273-4B3E-9F5E-D2E80138A491}.Release|x64.ActiveCfg = Release|x64
		{1FA726AA-A273-4B3E-9F5E-D2E80138A491}.Release|x64.Build.0 = Release|x64
		{1FA726AA-A273-4B3E-9F5E-D2E80138A491}.Release|x86.ActiveCfg = Release|Win32
		{1FA726AA-A273-4B3E-9F5E-D2E80138A491}.Release|x86.Build.0 = Release|Win32
		{6A053B4E-2423-47EF-91EF-770C28B40941}.Debug|x64.ActiveCfg = Debug|x64
		{6A053B4E-2423-47EF-91EF-770C28B40941}.Debug|x64.Build.0 = Debug|x64
		{6A053B4E-2423-47EF-91EF-770C28B40941}.Debug|x86.ActiveCfg = Debug|Win32
		{6A053B4E-2423-47EF-91EF-770C28B40941}.Debug|x86.Build.0 = Debug|Win32
		{6A053B4E-2423-47EF-91EF-770C28B40941}.Release|x64.ActiveCfg = Release|x64
		{6A053B4E-2423-47EF-91EF-770C28B40941}.Release|x64.Build.0 = Release|x64
		{6A053B4E-2423-47EF-91EF-770C28B40941}.Release|x86.ActiveCfg = Release|Win32
		{6A053B4E-2423-47EF-91EF-770C28B40941}.Release|x86.Build.0 = Release|Win32
		{ECF74EA5-E280-48BB-86AB-0389552D463C}.Debug|x64.ActiveCfg = Debug|x64
		{ECF74EA5-E280-48BB-86AB-0389552D463C}.Debug|x64.Build.0 = Debug|x64
		{ECF74EA5-E280-48BB-86AB-0389552D463C}.Debug|x86.ActiveCfg = Debug|Win32
		{ECF74EA5-E280-48BB-86AB-0389552D463C}.Debug|x86.Build.0 = Debug|Win32
		{ECF74EA5-E280-48BB-86AB-0389552D463C}.Release|x64.ActiveCfg = Release|x64
		{ECF74EA5-E280-48BB-86AB-0389552D463C}.Release|x64.Build.0 = Release|x64
		{ECF74EA5-E280-48BB-86AB-0389552D463C}.Release|x86.ActiveCfg = Release|Win32
		{ECF74EA5-E280-48BB-86AB-0389552D463C}.Release|x86.Build.0 = Release|Win32
		{041C669A-B0F6-494F-AC51-BE51515C7DEA}.Debug|x64.ActiveCfg = Debug|x64
		{041C669A-B0F6-494F-AC51-BE51515C7DEA}.Debug|x64.Build.0 = Debug|x64
		{041C669A-B0F6-494F-AC51-BE51515C7DEA}.Debug|x86.ActiveCfg = Debug|Win32
		{041C669A-B0F6-494F-AC51-BE51515C7DEA}.Debug|x86.Build.0 = Debug|Win32
		{041C669A-B0F6-494F-AC51-BE51515C7DEA}.Release|x64.ActiveCfg = Release|x64
		{041C669A-B0F6-494F-AC51-BE51515C7DEA}.Release|x64.Build.0 = Release|x64
		{041C669A-B0F6-494F-AC51-BE51515C7DEA}.Release|x86.ActiveCfg = Release|Win32
		{041C669A-B0F6-494F-AC51-BE51515C7DEA}.Release|x86.Build.0 = Release|Win32
		{1D66CF28-E217-4143-A841-3C42E3228B2E}.Debug|x64.ActiveCfg = Debug|x64
		{1D66CF28-E217-4143-A841-3C42E3228B2E}.Debug|x64.Build.0 = Debug|x64
		{1D66CF28-E217-4143-A841-3C42E3228B2E}.Debug|x86.ActiveCfg = Debug|Win32
		{1D66CF28-E217-4143-A841-3C42E3228B2E}.Debug|x86.Build.0 = Debug|Win32
		{1D66CF28-E217-4143-A841-3C42E3228B2E}.Release|x64.ActiveCfg = Release|x64
		{1D66CF28-E217-4143-A841-3C42E3228B2E}.Release|x64.Build.0 = Release|x64
		{1D66CF28-E217-4143-A841-3C42E3228B2E}.Release|x86.ActiveCfg = Release|Win32
		{1D66CF28-E217-4143-A841-3C42E3228B2E}.Release|x86.Build.0 = Release|Win32
		{E2AC0C37-91A5-49D3-BAA2-0E138B93440D}.Debug|x64.ActiveCfg = Debug|x64
		{E2AC0C37-91A5-49D3-BAA2-0E138B93440D}.Debug|x64.Build.0 = Debug|x64
		{E2AC0C37-91A5-49D3-BAA2-0E138B93440D}.Debug|x86.ActiveCfg = Debug|Win32
		{E2AC0C37-91A5-49D3-BAA2-0E138B93440D}.Debug|x86.Build.0 = Debug|Win32
		{E2AC0C37-91A5-49D3-BAA2-0E138B93440D}.Release|x64.ActiveCfg = Release|x64
		{E2AC0C37-91A5-49D3-BAA2-0E138B93440D}.Release|x64.Build.0 = Release|x64
		{E2AC0C37-91A5-49D3-BAA2-0E138B93440D}.Release|x86.ActiveCfg = Release|Win32
		{E2AC0C37-91A5-49D3-BAA2-0E138B93440D}.Release|x86.Build.0 = Release|Win32
		{D41B740D-0C90-49F4-97CF-39CBD77B0DC7}.Debug|x64.ActiveCfg = Debug|x64
		{D41B740D-0C90-49F4-97CF-39CBD77B0DC7}.Debug|x64.Build.0 = Debug|x64
		{D41B740D-0C90-49F4-97CF-39CBD77B0DC7}.Debug|x86.ActiveCfg = Debug|Win32
		{D41B740D-0C90-49F4-97CF-39CBD77B0DC7}.Debug|x86.Build.0 = Debug|Win32
		{D41B740D-0C90-49F4-97CF-39CBD77B0DC7}.Release|x64.ActiveCfg = Release|x64
		{D41B740D-0C90-49F4-97CF-39CBD77B0DC7}.Release|x64.Build.0 = Release|x64
		{D41B740D-0C90-49F4-97CF-39CBD77B0DC7}.Release|x86.ActiveCfg = Release|Win32
		{D41B740D-0C90-49F4-97CF-39CBD77B0DC7}.Release|x86.Build.0 = Release|Win32
		{D0FC194A-9434-4D06-BFD7-36263F1DE2A8}.Debug|x64.ActiveCfg = Debug|x64
		{D0FC194A-9434-4D06-BFD7-36263F1DE2A8}.Debug|x64.Build.0 = Debug|x64
		{D0FC194A-9434-4D06-BFD7-36263F1DE2A8}.Debug|x86.ActiveCfg = Debug|Win32
		{D0FC194A-9434-4D06-BFD7-36263F1DE2A8}.Debug|x86.Build.0 = Debug|Win32
		{D0FC194A-9434-4D06-BFD7-36263F1DE2A8}.Release|x64.ActiveCfg = Release|x64
		{D0FC194A-9434-4D06-BFD7-36263F1DE2A8}.Release|x64.Build.0 = Release|x64
		{D0FC194A-9434-4D06-BFD7-36263F1DE2A8}.Release|x86.ActiveCfg = Release|Win32
		{D0FC194A-9434-4D06-BFD7-36263F1DE2A8}.Release|x86.Build.0 = Release|Win32
		{56454E26-9296-4AF8-845C-E4732C4A7490}.Debug|x64.ActiveCfg = Debug|x64
		{56454E26-9296-4AF8-845C-E4732C4A7490}.Debug|x64.Build.0 = Debug|x64
		{56454E26-9296-4AF8-845C-E4732C4A7490}.Debug|x86.ActiveCfg = Debug|Win32
		{56454E26-9296-4AF8-845C-E4732C4A7490}.Debug|x86.Build.0 = Debug|Win32
		{56454E26-9296-4AF8-845C-E4732C4A7490}.Release|x64.ActiveCfg = Release|x64
		{56454E26-9296-4AF8-845C-E4732C4A7490}.Release|x64.Build.0 = Release|x64
		{56454E26-9296-4AF8-845C-E4732C4A7490}.Release|x86.ActiveCfg = Release|Win32
		{56454E26-9296-4AF8-845C-E4732C4A7490}.Release|x86.Build.0 = Release|Win32
		{E2C17774-7C88-4EB3-A7E9-6D6137D627AD}.Debug|x64.ActiveCfg = Debug|x64
		{E2C17774-7C88-4EB3-A7E9-6D6137D627AD}.Debug|x64.Build.0 = Debug|x64
		{E2C17774-7C88-4EB3-A7E9-6D6137D627AD}.Debug|x86.ActiveCfg = Debug|Win32
		{E2C17774-7C88-4EB3-A7E9-6D6137D627AD}.Debug|x86.Build.0 = Debug|Win32
		{E2C17774-7C88-4EB3-A7E9-6D6137D627AD}.Release|x64.ActiveCfg = Release|x64
		{E2C17774-7C88-4EB3-A7E9-6D6137D627AD}.Release|x64.Build.0 = Release|x64
		{E2C17774-7C88-4EB3-A7E9-6D6137D627AD}.Release|x86.ActiveCfg = Release|Win32
		{E2C17774-7C88-4EB3-A7E9-6D6137D627AD}.Release|x86.Build.0 = Release|Win32
	EndGlobalSection
	GlobalSection(SolutionProperties) = preSolution
		HideSolutionNode = FALSE
	EndGlobalSection
	GlobalSection(ExtensibilityGlobals) = postSolution
		SolutionGuid = {8D0DBD89-9149-4342-B3CF-6F25ED179DD6}
	EndGlobalSection
EndGlobal
