
Microsoft Visual Studio Solution File, Format Version 12.00
# Visual Studio Version 16
VisualStudioVersion = 16.0.29728.190
MinimumVisualStudioVersion = 10.0.40219.1
Project("{8BC9CEB8-8B4A-11D0-8D11-00A0C91BC942}") = "10430(나머지)", "SW Test Basic Math\SW Test Basic Math.vcxproj", "{E9C5E087-4B10-423F-AEDD-6D1377813421}"
EndProject
Project("{8BC9CEB8-8B4A-11D0-8D11-00A0C91BC942}") = "2609(최대공약수 최대공배수)", "2609(최대공약수 최대공배수)\2609(최대공약수 최대공배수).vcxproj", "{13372DD2-D695-43E4-912F-2A234B590BE7}"
EndProject
Project("{8BC9CEB8-8B4A-11D0-8D11-00A0C91BC942}") = "1934(최소공배수)", "1934(최소공배수)\1934(최소공배수).vcxproj", "{B1009DF2-AB3B-4F61-98E1-D96171F53510}"
EndProject
Project("{8BC9CEB8-8B4A-11D0-8D11-00A0C91BC942}") = "9613(GCD 합)", "9613(GCD 합)\9613(GCD 합).vcxproj", "{D0D4BA8E-24B1-4B6A-A1F8-2AA22EEFE3C5}"
EndProject
Project("{8BC9CEB8-8B4A-11D0-8D11-00A0C91BC942}") = "1978(소수 찾기)", "1978(소수 찾기)\1978(소수 찾기).vcxproj", "{9A13CCB7-4E7E-43A1-BAEA-D2C049248EBA}"
EndProject
Project("{8BC9CEB8-8B4A-11D0-8D11-00A0C91BC942}") = "6588(골드바흐의 추측)", "6588(골드바흐의 추측)\6588(골드바흐의 추측).vcxproj", "{FFC393B1-5797-4B95-9055-B4EC7C2E1F4B}"
EndProject
Global
	GlobalSection(SolutionConfigurationPlatforms) = preSolution
		Debug|x64 = Debug|x64
		Debug|x86 = Debug|x86
		Release|x64 = Release|x64
		Release|x86 = Release|x86
	EndGlobalSection
	GlobalSection(ProjectConfigurationPlatforms) = postSolution
		{E9C5E087-4B10-423F-AEDD-6D1377813421}.Debug|x64.ActiveCfg = Debug|x64
		{E9C5E087-4B10-423F-AEDD-6D1377813421}.Debug|x64.Build.0 = Debug|x64
		{E9C5E087-4B10-423F-AEDD-6D1377813421}.Debug|x86.ActiveCfg = Debug|Win32
		{E9C5E087-4B10-423F-AEDD-6D1377813421}.Debug|x86.Build.0 = Debug|Win32
		{E9C5E087-4B10-423F-AEDD-6D1377813421}.Release|x64.ActiveCfg = Release|x64
		{E9C5E087-4B10-423F-AEDD-6D1377813421}.Release|x64.Build.0 = Release|x64
		{E9C5E087-4B10-423F-AEDD-6D1377813421}.Release|x86.ActiveCfg = Release|Win32
		{E9C5E087-4B10-423F-AEDD-6D1377813421}.Release|x86.Build.0 = Release|Win32
		{13372DD2-D695-43E4-912F-2A234B590BE7}.Debug|x64.ActiveCfg = Debug|x64
		{13372DD2-D695-43E4-912F-2A234B590BE7}.Debug|x64.Build.0 = Debug|x64
		{13372DD2-D695-43E4-912F-2A234B590BE7}.Debug|x86.ActiveCfg = Debug|Win32
		{13372DD2-D695-43E4-912F-2A234B590BE7}.Debug|x86.Build.0 = Debug|Win32
		{13372DD2-D695-43E4-912F-2A234B590BE7}.Release|x64.ActiveCfg = Release|x64
		{13372DD2-D695-43E4-912F-2A234B590BE7}.Release|x64.Build.0 = Release|x64
		{13372DD2-D695-43E4-912F-2A234B590BE7}.Release|x86.ActiveCfg = Release|Win32
		{13372DD2-D695-43E4-912F-2A234B590BE7}.Release|x86.Build.0 = Release|Win32
		{B1009DF2-AB3B-4F61-98E1-D96171F53510}.Debug|x64.ActiveCfg = Debug|x64
		{B1009DF2-AB3B-4F61-98E1-D96171F53510}.Debug|x64.Build.0 = Debug|x64
		{B1009DF2-AB3B-4F61-98E1-D96171F53510}.Debug|x86.ActiveCfg = Debug|Win32
		{B1009DF2-AB3B-4F61-98E1-D96171F53510}.Debug|x86.Build.0 = Debug|Win32
		{B1009DF2-AB3B-4F61-98E1-D96171F53510}.Release|x64.ActiveCfg = Release|x64
		{B1009DF2-AB3B-4F61-98E1-D96171F53510}.Release|x64.Build.0 = Release|x64
		{B1009DF2-AB3B-4F61-98E1-D96171F53510}.Release|x86.ActiveCfg = Release|Win32
		{B1009DF2-AB3B-4F61-98E1-D96171F53510}.Release|x86.Build.0 = Release|Win32
		{D0D4BA8E-24B1-4B6A-A1F8-2AA22EEFE3C5}.Debug|x64.ActiveCfg = Debug|x64
		{D0D4BA8E-24B1-4B6A-A1F8-2AA22EEFE3C5}.Debug|x64.Build.0 = Debug|x64
		{D0D4BA8E-24B1-4B6A-A1F8-2AA22EEFE3C5}.Debug|x86.ActiveCfg = Debug|Win32
		{D0D4BA8E-24B1-4B6A-A1F8-2AA22EEFE3C5}.Debug|x86.Build.0 = Debug|Win32
		{D0D4BA8E-24B1-4B6A-A1F8-2AA22EEFE3C5}.Release|x64.ActiveCfg = Release|x64
		{D0D4BA8E-24B1-4B6A-A1F8-2AA22EEFE3C5}.Release|x64.Build.0 = Release|x64
		{D0D4BA8E-24B1-4B6A-A1F8-2AA22EEFE3C5}.Release|x86.ActiveCfg = Release|Win32
		{D0D4BA8E-24B1-4B6A-A1F8-2AA22EEFE3C5}.Release|x86.Build.0 = Release|Win32
		{9A13CCB7-4E7E-43A1-BAEA-D2C049248EBA}.Debug|x64.ActiveCfg = Debug|x64
		{9A13CCB7-4E7E-43A1-BAEA-D2C049248EBA}.Debug|x64.Build.0 = Debug|x64
		{9A13CCB7-4E7E-43A1-BAEA-D2C049248EBA}.Debug|x86.ActiveCfg = Debug|Win32
		{9A13CCB7-4E7E-43A1-BAEA-D2C049248EBA}.Debug|x86.Build.0 = Debug|Win32
		{9A13CCB7-4E7E-43A1-BAEA-D2C049248EBA}.Release|x64.ActiveCfg = Release|x64
		{9A13CCB7-4E7E-43A1-BAEA-D2C049248EBA}.Release|x64.Build.0 = Release|x64
		{9A13CCB7-4E7E-43A1-BAEA-D2C049248EBA}.Release|x86.ActiveCfg = Release|Win32
		{9A13CCB7-4E7E-43A1-BAEA-D2C049248EBA}.Release|x86.Build.0 = Release|Win32
		{FFC393B1-5797-4B95-9055-B4EC7C2E1F4B}.Debug|x64.ActiveCfg = Debug|x64
		{FFC393B1-5797-4B95-9055-B4EC7C2E1F4B}.Debug|x64.Build.0 = Debug|x64
		{FFC393B1-5797-4B95-9055-B4EC7C2E1F4B}.Debug|x86.ActiveCfg = Debug|Win32
		{FFC393B1-5797-4B95-9055-B4EC7C2E1F4B}.Debug|x86.Build.0 = Debug|Win32
		{FFC393B1-5797-4B95-9055-B4EC7C2E1F4B}.Release|x64.ActiveCfg = Release|x64
		{FFC393B1-5797-4B95-9055-B4EC7C2E1F4B}.Release|x64.Build.0 = Release|x64
		{FFC393B1-5797-4B95-9055-B4EC7C2E1F4B}.Release|x86.ActiveCfg = Release|Win32
		{FFC393B1-5797-4B95-9055-B4EC7C2E1F4B}.Release|x86.Build.0 = Release|Win32
	EndGlobalSection
	GlobalSection(SolutionProperties) = preSolution
		HideSolutionNode = FALSE
	EndGlobalSection
	GlobalSection(ExtensibilityGlobals) = postSolution
		SolutionGuid = {2180AB0A-B043-4EA6-B8C2-4772CC0DB4B4}
	EndGlobalSection
EndGlobal
