
Microsoft Visual Studio Solution File, Format Version 12.00
# Visual Studio Version 16
VisualStudioVersion = 16.0.29728.190
MinimumVisualStudioVersion = 10.0.40219.1
Project("{8BC9CEB8-8B4A-11D0-8D11-00A0C91BC942}") = "15649(N과M 1)", "SWTest BruteForce NM\SWTest BruteForce NM.vcxproj", "{D1FC5EDA-8EBA-4BFF-89B7-6ED13774C7ED}"
EndProject
Project("{8BC9CEB8-8B4A-11D0-8D11-00A0C91BC942}") = "15650(N과M 2)", "15650(N과M 2)\15650(N과M 2).vcxproj", "{7F960D04-5CD8-4CFC-BAC2-B068B965E73D}"
EndProject
Project("{8BC9CEB8-8B4A-11D0-8D11-00A0C91BC942}") = "15651(N과M 3)", "15651(N과M 3)\15651(N과M 3).vcxproj", "{5C8B255A-CA40-4F35-929B-30009D29D312}"
EndProject
Project("{8BC9CEB8-8B4A-11D0-8D11-00A0C91BC942}") = "15652(N과M 4)", "15654(N과M5)\15654(N과M5).vcxproj", "{33C3A4FD-A377-407D-81EB-5B0F6F1F1812}"
EndProject
Project("{8BC9CEB8-8B4A-11D0-8D11-00A0C91BC942}") = "15654(N과M 5)", "15654(N과M 5)\15654(N과M 5).vcxproj", "{E23B75A0-2D2D-47C7-A098-FF7681CA7BA0}"
EndProject
Project("{8BC9CEB8-8B4A-11D0-8D11-00A0C91BC942}") = "15655(N과M 6)", "15655(N과M 6)\15655(N과M 6).vcxproj", "{29E1AF2B-1A47-49A8-84A6-1A2DEC13DC6C}"
EndProject
Project("{8BC9CEB8-8B4A-11D0-8D11-00A0C91BC942}") = "15656(N과M 7)", "15656(N과M 7)\15656(N과M 7).vcxproj", "{FD8BD373-8A10-46CD-9628-B47A556728AE}"
EndProject
Project("{8BC9CEB8-8B4A-11D0-8D11-00A0C91BC942}") = "15657(N과M 8)", "15657(N과M 8)\15657(N과M 8).vcxproj", "{09E1AC05-98C7-4C80-8A1E-35059FD2B034}"
EndProject
Project("{8BC9CEB8-8B4A-11D0-8D11-00A0C91BC942}") = "15663(N과M 9)", "15663(N과M 9)\15663(N과M 9).vcxproj", "{F2DC7E22-36D4-4ACA-AEDA-E1E7C5BC5F3C}"
EndProject
Project("{8BC9CEB8-8B4A-11D0-8D11-00A0C91BC942}") = "15664(N과M 10)", "15664(N과M 10)\15664(N과M 10).vcxproj", "{2BB7AC92-8775-4319-B74C-603EC4E4EA2F}"
EndProject
Project("{8BC9CEB8-8B4A-11D0-8D11-00A0C91BC942}") = "15665(N과M 11)", "15665(N과M 11)\15665(N과M 11).vcxproj", "{FAFE43E4-BDBD-4B3A-808C-067FBEEB131D}"
EndProject
Project("{8BC9CEB8-8B4A-11D0-8D11-00A0C91BC942}") = "15666(N과M 12)", "15666(N과M 12)\15666(N과M 12).vcxproj", "{959BDDB3-A047-42C8-8BF7-244B85948894}"
EndProject
Global
	GlobalSection(SolutionConfigurationPlatforms) = preSolution
		Debug|x64 = Debug|x64
		Debug|x86 = Debug|x86
		Release|x64 = Release|x64
		Release|x86 = Release|x86
	EndGlobalSection
	GlobalSection(ProjectConfigurationPlatforms) = postSolution
		{D1FC5EDA-8EBA-4BFF-89B7-6ED13774C7ED}.Debug|x64.ActiveCfg = Debug|x64
		{D1FC5EDA-8EBA-4BFF-89B7-6ED13774C7ED}.Debug|x64.Build.0 = Debug|x64
		{D1FC5EDA-8EBA-4BFF-89B7-6ED13774C7ED}.Debug|x86.ActiveCfg = Debug|Win32
		{D1FC5EDA-8EBA-4BFF-89B7-6ED13774C7ED}.Debug|x86.Build.0 = Debug|Win32
		{D1FC5EDA-8EBA-4BFF-89B7-6ED13774C7ED}.Release|x64.ActiveCfg = Release|x64
		{D1FC5EDA-8EBA-4BFF-89B7-6ED13774C7ED}.Release|x64.Build.0 = Release|x64
		{D1FC5EDA-8EBA-4BFF-89B7-6ED13774C7ED}.Release|x86.ActiveCfg = Release|Win32
		{D1FC5EDA-8EBA-4BFF-89B7-6ED13774C7ED}.Release|x86.Build.0 = Release|Win32
		{7F960D04-5CD8-4CFC-BAC2-B068B965E73D}.Debug|x64.ActiveCfg = Debug|x64
		{7F960D04-5CD8-4CFC-BAC2-B068B965E73D}.Debug|x64.Build.0 = Debug|x64
		{7F960D04-5CD8-4CFC-BAC2-B068B965E73D}.Debug|x86.ActiveCfg = Debug|Win32
		{7F960D04-5CD8-4CFC-BAC2-B068B965E73D}.Debug|x86.Build.0 = Debug|Win32
		{7F960D04-5CD8-4CFC-BAC2-B068B965E73D}.Release|x64.ActiveCfg = Release|x64
		{7F960D04-5CD8-4CFC-BAC2-B068B965E73D}.Release|x64.Build.0 = Release|x64
		{7F960D04-5CD8-4CFC-BAC2-B068B965E73D}.Release|x86.ActiveCfg = Release|Win32
		{7F960D04-5CD8-4CFC-BAC2-B068B965E73D}.Release|x86.Build.0 = Release|Win32
		{5C8B255A-CA40-4F35-929B-30009D29D312}.Debug|x64.ActiveCfg = Debug|x64
		{5C8B255A-CA40-4F35-929B-30009D29D312}.Debug|x64.Build.0 = Debug|x64
		{5C8B255A-CA40-4F35-929B-30009D29D312}.Debug|x86.ActiveCfg = Debug|Win32
		{5C8B255A-CA40-4F35-929B-30009D29D312}.Debug|x86.Build.0 = Debug|Win32
		{5C8B255A-CA40-4F35-929B-30009D29D312}.Release|x64.ActiveCfg = Release|x64
		{5C8B255A-CA40-4F35-929B-30009D29D312}.Release|x64.Build.0 = Release|x64
		{5C8B255A-CA40-4F35-929B-30009D29D312}.Release|x86.ActiveCfg = Release|Win32
		{5C8B255A-CA40-4F35-929B-30009D29D312}.Release|x86.Build.0 = Release|Win32
		{33C3A4FD-A377-407D-81EB-5B0F6F1F1812}.Debug|x64.ActiveCfg = Debug|x64
		{33C3A4FD-A377-407D-81EB-5B0F6F1F1812}.Debug|x64.Build.0 = Debug|x64
		{33C3A4FD-A377-407D-81EB-5B0F6F1F1812}.Debug|x86.ActiveCfg = Debug|Win32
		{33C3A4FD-A377-407D-81EB-5B0F6F1F1812}.Debug|x86.Build.0 = Debug|Win32
		{33C3A4FD-A377-407D-81EB-5B0F6F1F1812}.Release|x64.ActiveCfg = Release|x64
		{33C3A4FD-A377-407D-81EB-5B0F6F1F1812}.Release|x64.Build.0 = Release|x64
		{33C3A4FD-A377-407D-81EB-5B0F6F1F1812}.Release|x86.ActiveCfg = Release|Win32
		{33C3A4FD-A377-407D-81EB-5B0F6F1F1812}.Release|x86.Build.0 = Release|Win32
		{E23B75A0-2D2D-47C7-A098-FF7681CA7BA0}.Debug|x64.ActiveCfg = Debug|x64
		{E23B75A0-2D2D-47C7-A098-FF7681CA7BA0}.Debug|x64.Build.0 = Debug|x64
		{E23B75A0-2D2D-47C7-A098-FF7681CA7BA0}.Debug|x86.ActiveCfg = Debug|Win32
		{E23B75A0-2D2D-47C7-A098-FF7681CA7BA0}.Debug|x86.Build.0 = Debug|Win32
		{E23B75A0-2D2D-47C7-A098-FF7681CA7BA0}.Release|x64.ActiveCfg = Release|x64
		{E23B75A0-2D2D-47C7-A098-FF7681CA7BA0}.Release|x64.Build.0 = Release|x64
		{E23B75A0-2D2D-47C7-A098-FF7681CA7BA0}.Release|x86.ActiveCfg = Release|Win32
		{E23B75A0-2D2D-47C7-A098-FF7681CA7BA0}.Release|x86.Build.0 = Release|Win32
		{29E1AF2B-1A47-49A8-84A6-1A2DEC13DC6C}.Debug|x64.ActiveCfg = Debug|x64
		{29E1AF2B-1A47-49A8-84A6-1A2DEC13DC6C}.Debug|x64.Build.0 = Debug|x64
		{29E1AF2B-1A47-49A8-84A6-1A2DEC13DC6C}.Debug|x86.ActiveCfg = Debug|Win32
		{29E1AF2B-1A47-49A8-84A6-1A2DEC13DC6C}.Debug|x86.Build.0 = Debug|Win32
		{29E1AF2B-1A47-49A8-84A6-1A2DEC13DC6C}.Release|x64.ActiveCfg = Release|x64
		{29E1AF2B-1A47-49A8-84A6-1A2DEC13DC6C}.Release|x64.Build.0 = Release|x64
		{29E1AF2B-1A47-49A8-84A6-1A2DEC13DC6C}.Release|x86.ActiveCfg = Release|Win32
		{29E1AF2B-1A47-49A8-84A6-1A2DEC13DC6C}.Release|x86.Build.0 = Release|Win32
		{FD8BD373-8A10-46CD-9628-B47A556728AE}.Debug|x64.ActiveCfg = Debug|x64
		{FD8BD373-8A10-46CD-9628-B47A556728AE}.Debug|x64.Build.0 = Debug|x64
		{FD8BD373-8A10-46CD-9628-B47A556728AE}.Debug|x86.ActiveCfg = Debug|Win32
		{FD8BD373-8A10-46CD-9628-B47A556728AE}.Debug|x86.Build.0 = Debug|Win32
		{FD8BD373-8A10-46CD-9628-B47A556728AE}.Release|x64.ActiveCfg = Release|x64
		{FD8BD373-8A10-46CD-9628-B47A556728AE}.Release|x64.Build.0 = Release|x64
		{FD8BD373-8A10-46CD-9628-B47A556728AE}.Release|x86.ActiveCfg = Release|Win32
		{FD8BD373-8A10-46CD-9628-B47A556728AE}.Release|x86.Build.0 = Release|Win32
		{09E1AC05-98C7-4C80-8A1E-35059FD2B034}.Debug|x64.ActiveCfg = Debug|x64
		{09E1AC05-98C7-4C80-8A1E-35059FD2B034}.Debug|x64.Build.0 = Debug|x64
		{09E1AC05-98C7-4C80-8A1E-35059FD2B034}.Debug|x86.ActiveCfg = Debug|Win32
		{09E1AC05-98C7-4C80-8A1E-35059FD2B034}.Debug|x86.Build.0 = Debug|Win32
		{09E1AC05-98C7-4C80-8A1E-35059FD2B034}.Release|x64.ActiveCfg = Release|x64
		{09E1AC05-98C7-4C80-8A1E-35059FD2B034}.Release|x64.Build.0 = Release|x64
		{09E1AC05-98C7-4C80-8A1E-35059FD2B034}.Release|x86.ActiveCfg = Release|Win32
		{09E1AC05-98C7-4C80-8A1E-35059FD2B034}.Release|x86.Build.0 = Release|Win32
		{F2DC7E22-36D4-4ACA-AEDA-E1E7C5BC5F3C}.Debug|x64.ActiveCfg = Debug|x64
		{F2DC7E22-36D4-4ACA-AEDA-E1E7C5BC5F3C}.Debug|x64.Build.0 = Debug|x64
		{F2DC7E22-36D4-4ACA-AEDA-E1E7C5BC5F3C}.Debug|x86.ActiveCfg = Debug|Win32
		{F2DC7E22-36D4-4ACA-AEDA-E1E7C5BC5F3C}.Debug|x86.Build.0 = Debug|Win32
		{F2DC7E22-36D4-4ACA-AEDA-E1E7C5BC5F3C}.Release|x64.ActiveCfg = Release|x64
		{F2DC7E22-36D4-4ACA-AEDA-E1E7C5BC5F3C}.Release|x64.Build.0 = Release|x64
		{F2DC7E22-36D4-4ACA-AEDA-E1E7C5BC5F3C}.Release|x86.ActiveCfg = Release|Win32
		{F2DC7E22-36D4-4ACA-AEDA-E1E7C5BC5F3C}.Release|x86.Build.0 = Release|Win32
		{2BB7AC92-8775-4319-B74C-603EC4E4EA2F}.Debug|x64.ActiveCfg = Debug|x64
		{2BB7AC92-8775-4319-B74C-603EC4E4EA2F}.Debug|x64.Build.0 = Debug|x64
		{2BB7AC92-8775-4319-B74C-603EC4E4EA2F}.Debug|x86.ActiveCfg = Debug|Win32
		{2BB7AC92-8775-4319-B74C-603EC4E4EA2F}.Debug|x86.Build.0 = Debug|Win32
		{2BB7AC92-8775-4319-B74C-603EC4E4EA2F}.Release|x64.ActiveCfg = Release|x64
		{2BB7AC92-8775-4319-B74C-603EC4E4EA2F}.Release|x64.Build.0 = Release|x64
		{2BB7AC92-8775-4319-B74C-603EC4E4EA2F}.Release|x86.ActiveCfg = Release|Win32
		{2BB7AC92-8775-4319-B74C-603EC4E4EA2F}.Release|x86.Build.0 = Release|Win32
		{FAFE43E4-BDBD-4B3A-808C-067FBEEB131D}.Debug|x64.ActiveCfg = Debug|x64
		{FAFE43E4-BDBD-4B3A-808C-067FBEEB131D}.Debug|x64.Build.0 = Debug|x64
		{FAFE43E4-BDBD-4B3A-808C-067FBEEB131D}.Debug|x86.ActiveCfg = Debug|Win32
		{FAFE43E4-BDBD-4B3A-808C-067FBEEB131D}.Debug|x86.Build.0 = Debug|Win32
		{FAFE43E4-BDBD-4B3A-808C-067FBEEB131D}.Release|x64.ActiveCfg = Release|x64
		{FAFE43E4-BDBD-4B3A-808C-067FBEEB131D}.Release|x64.Build.0 = Release|x64
		{FAFE43E4-BDBD-4B3A-808C-067FBEEB131D}.Release|x86.ActiveCfg = Release|Win32
		{FAFE43E4-BDBD-4B3A-808C-067FBEEB131D}.Release|x86.Build.0 = Release|Win32
		{959BDDB3-A047-42C8-8BF7-244B85948894}.Debug|x64.ActiveCfg = Debug|x64
		{959BDDB3-A047-42C8-8BF7-244B85948894}.Debug|x64.Build.0 = Debug|x64
		{959BDDB3-A047-42C8-8BF7-244B85948894}.Debug|x86.ActiveCfg = Debug|Win32
		{959BDDB3-A047-42C8-8BF7-244B85948894}.Debug|x86.Build.0 = Debug|Win32
		{959BDDB3-A047-42C8-8BF7-244B85948894}.Release|x64.ActiveCfg = Release|x64
		{959BDDB3-A047-42C8-8BF7-244B85948894}.Release|x64.Build.0 = Release|x64
		{959BDDB3-A047-42C8-8BF7-244B85948894}.Release|x86.ActiveCfg = Release|Win32
		{959BDDB3-A047-42C8-8BF7-244B85948894}.Release|x86.Build.0 = Release|Win32
	EndGlobalSection
	GlobalSection(SolutionProperties) = preSolution
		HideSolutionNode = FALSE
	EndGlobalSection
	GlobalSection(ExtensibilityGlobals) = postSolution
		SolutionGuid = {7171A589-C781-4AF3-AC56-7458C9C3A2A0}
	EndGlobalSection
EndGlobal
