
Microsoft Visual Studio Solution File, Format Version 12.00
# Visual Studio Version 16
VisualStudioVersion = 16.0.29728.190
MinimumVisualStudioVersion = 10.0.40219.1
Project("{8BC9CEB8-8B4A-11D0-8D11-00A0C91BC942}") = "[6236] 용돈 관리", "[6236] 용돈 관리\[6236] 용돈 관리.vcxproj", "{CF8A43EF-A24F-4C82-A27E-A45424F0801F}"
EndProject
Global
	GlobalSection(SolutionConfigurationPlatforms) = preSolution
		Debug|x64 = Debug|x64
		Debug|x86 = Debug|x86
		Release|x64 = Release|x64
		Release|x86 = Release|x86
	EndGlobalSection
	GlobalSection(ProjectConfigurationPlatforms) = postSolution
		{CF8A43EF-A24F-4C82-A27E-A45424F0801F}.Debug|x64.ActiveCfg = Debug|x64
		{CF8A43EF-A24F-4C82-A27E-A45424F0801F}.Debug|x64.Build.0 = Debug|x64
		{CF8A43EF-A24F-4C82-A27E-A45424F0801F}.Debug|x86.ActiveCfg = Debug|Win32
		{CF8A43EF-A24F-4C82-A27E-A45424F0801F}.Debug|x86.Build.0 = Debug|Win32
		{CF8A43EF-A24F-4C82-A27E-A45424F0801F}.Release|x64.ActiveCfg = Release|x64
		{CF8A43EF-A24F-4C82-A27E-A45424F0801F}.Release|x64.Build.0 = Release|x64
		{CF8A43EF-A24F-4C82-A27E-A45424F0801F}.Release|x86.ActiveCfg = Release|Win32
		{CF8A43EF-A24F-4C82-A27E-A45424F0801F}.Release|x86.Build.0 = Release|Win32
	EndGlobalSection
	GlobalSection(SolutionProperties) = preSolution
		HideSolutionNode = FALSE
	EndGlobalSection
	GlobalSection(ExtensibilityGlobals) = postSolution
		SolutionGuid = {3BB74158-1972-4AA6-932D-1C70402F18D2}
	EndGlobalSection
EndGlobal
